// !$*UTF8*$!
{
	archiveVersion = 1;
	classes = {
	};
	objectVersion = 46;
	objects = {

/* Begin PBXBuildFile section */
		B3DA1F6D374D50B7D538252E /* libPods.a in Frameworks */ = {isa = PBXBuildFile; fileRef = 07D1DFB2FF8E0D0792BF0310 /* libPods.a */; };
		EA23BEE51A23B6E9003F9E87 /* WebJSONService.swift in Sources */ = {isa = PBXBuildFile; fileRef = EA23BEE41A23B6E9003F9E87 /* WebJSONService.swift */; };
		EA23BEE61A23B6E9003F9E87 /* WebJSONService.swift in Sources */ = {isa = PBXBuildFile; fileRef = EA23BEE41A23B6E9003F9E87 /* WebJSONService.swift */; };
		EA23BEE71A23B6E9003F9E87 /* WebJSONService.swift in Sources */ = {isa = PBXBuildFile; fileRef = EA23BEE41A23B6E9003F9E87 /* WebJSONService.swift */; };
		EA23BEE91A23B6FA003F9E87 /* Dictionary.swift in Sources */ = {isa = PBXBuildFile; fileRef = EA23BEE81A23B6FA003F9E87 /* Dictionary.swift */; };
		EA23BEEA1A23B6FA003F9E87 /* Dictionary.swift in Sources */ = {isa = PBXBuildFile; fileRef = EA23BEE81A23B6FA003F9E87 /* Dictionary.swift */; };
		EA23BEEB1A23B6FA003F9E87 /* Dictionary.swift in Sources */ = {isa = PBXBuildFile; fileRef = EA23BEE81A23B6FA003F9E87 /* Dictionary.swift */; };
		EA23BEEC1A23B8E8003F9E87 /* Services.swift in Sources */ = {isa = PBXBuildFile; fileRef = EA5ACF151A234FDF002625F2 /* Services.swift */; };
		EA23BEED1A23B8F1003F9E87 /* Result.swift in Sources */ = {isa = PBXBuildFile; fileRef = EA5ACF121A2349F2002625F2 /* Result.swift */; };
		EA23BEF41A23B91D003F9E87 /* WebJSONServiceTests.swift in Sources */ = {isa = PBXBuildFile; fileRef = EA23BEEF1A23B91D003F9E87 /* WebJSONServiceTests.swift */; };
		EA23BEF71A23BA0A003F9E87 /* UpdateTopPlacesTests.swift in Sources */ = {isa = PBXBuildFile; fileRef = EA23BEF61A23BA0A003F9E87 /* UpdateTopPlacesTests.swift */; };
		EA23BF6B1A248855003F9E87 /* UseCasesIntegrationTests.swift in Sources */ = {isa = PBXBuildFile; fileRef = EA23BF6A1A248855003F9E87 /* UseCasesIntegrationTests.swift */; };
		EA23BF721A24A809003F9E87 /* Utilities.swift in Sources */ = {isa = PBXBuildFile; fileRef = EA23BF711A24A809003F9E87 /* Utilities.swift */; };
		EA23BF731A24A809003F9E87 /* Utilities.swift in Sources */ = {isa = PBXBuildFile; fileRef = EA23BF711A24A809003F9E87 /* Utilities.swift */; };
		EA23BF751A24C13D003F9E87 /* UseCaseFactoryTests.swift in Sources */ = {isa = PBXBuildFile; fileRef = EA23BF741A24C13D003F9E87 /* UseCaseFactoryTests.swift */; };
		EA23BF7B1A24C65E003F9E87 /* UpdateTopPlaces.swift in Sources */ = {isa = PBXBuildFile; fileRef = EA5ACF0D1A234480002625F2 /* UpdateTopPlaces.swift */; };
		EA23BF7C1A24C6AC003F9E87 /* UpdateTopPlaces.swift in Sources */ = {isa = PBXBuildFile; fileRef = EA5ACF0D1A234480002625F2 /* UpdateTopPlaces.swift */; };
		EA23BF7E1A24C86C003F9E87 /* DataSourceDelegate.swift in Sources */ = {isa = PBXBuildFile; fileRef = EA23BF7D1A24C86C003F9E87 /* DataSourceDelegate.swift */; };
		EA23BF7F1A24C86C003F9E87 /* DataSourceDelegate.swift in Sources */ = {isa = PBXBuildFile; fileRef = EA23BF7D1A24C86C003F9E87 /* DataSourceDelegate.swift */; };
		EA262DA91A251143004E0EDD /* AppBuilder.swift in Sources */ = {isa = PBXBuildFile; fileRef = EA262DA61A251143004E0EDD /* AppBuilder.swift */; };
		EA262DAA1A251143004E0EDD /* UIStoryboardInjector.swift in Sources */ = {isa = PBXBuildFile; fileRef = EA262DA71A251143004E0EDD /* UIStoryboardInjector.swift */; };
		EA262DAB1A251143004E0EDD /* UseCaseFactory.swift in Sources */ = {isa = PBXBuildFile; fileRef = EA262DA81A251143004E0EDD /* UseCaseFactory.swift */; };
		EA262DAC1A25114B004E0EDD /* UseCaseFactory.swift in Sources */ = {isa = PBXBuildFile; fileRef = EA262DA81A251143004E0EDD /* UseCaseFactory.swift */; };
		EA262DAD1A25114C004E0EDD /* UseCaseFactory.swift in Sources */ = {isa = PBXBuildFile; fileRef = EA262DA81A251143004E0EDD /* UseCaseFactory.swift */; };
		EA262DB21A25158C004E0EDD /* LoadPhotoWithId.swift in Sources */ = {isa = PBXBuildFile; fileRef = EA262DB11A25158C004E0EDD /* LoadPhotoWithId.swift */; };
		EA262DB31A25158C004E0EDD /* LoadPhotoWithId.swift in Sources */ = {isa = PBXBuildFile; fileRef = EA262DB11A25158C004E0EDD /* LoadPhotoWithId.swift */; };
		EA262DB41A25158C004E0EDD /* LoadPhotoWithId.swift in Sources */ = {isa = PBXBuildFile; fileRef = EA262DB11A25158C004E0EDD /* LoadPhotoWithId.swift */; };
		EA2E762F1A25C3790098E4BB /* WebImageService.swift in Sources */ = {isa = PBXBuildFile; fileRef = EA2E762E1A25C3790098E4BB /* WebImageService.swift */; };
		EA2E76301A25C3790098E4BB /* WebImageService.swift in Sources */ = {isa = PBXBuildFile; fileRef = EA2E762E1A25C3790098E4BB /* WebImageService.swift */; };
		EA2E76311A25C3790098E4BB /* WebImageService.swift in Sources */ = {isa = PBXBuildFile; fileRef = EA2E762E1A25C3790098E4BB /* WebImageService.swift */; };
		EA2E76331A25C4580098E4BB /* WebImageServiceTests.swift in Sources */ = {isa = PBXBuildFile; fileRef = EA2E76321A25C4580098E4BB /* WebImageServiceTests.swift */; };
		EA3E719A1A24DAE60055F11E /* UpdatePhotosForPlace.swift in Sources */ = {isa = PBXBuildFile; fileRef = EA3E71991A24DAE60055F11E /* UpdatePhotosForPlace.swift */; };
		EA3E719B1A24DAE60055F11E /* UpdatePhotosForPlace.swift in Sources */ = {isa = PBXBuildFile; fileRef = EA3E71991A24DAE60055F11E /* UpdatePhotosForPlace.swift */; };
		EA3E719D1A24DB320055F11E /* UpdatePhotosForPlaceTests.swift in Sources */ = {isa = PBXBuildFile; fileRef = EA3E719C1A24DB320055F11E /* UpdatePhotosForPlaceTests.swift */; };
		EA3E719F1A24DCAC0055F11E /* PhotoTests.swift in Sources */ = {isa = PBXBuildFile; fileRef = EA3E719E1A24DCAC0055F11E /* PhotoTests.swift */; };
		EA3E71A01A24E5040055F11E /* UpdatePhotosForPlace.swift in Sources */ = {isa = PBXBuildFile; fileRef = EA3E71991A24DAE60055F11E /* UpdatePhotosForPlace.swift */; };
		EA5ACF0E1A234480002625F2 /* UpdateTopPlaces.swift in Sources */ = {isa = PBXBuildFile; fileRef = EA5ACF0D1A234480002625F2 /* UpdateTopPlaces.swift */; };
		EA5ACF131A2349F2002625F2 /* Result.swift in Sources */ = {isa = PBXBuildFile; fileRef = EA5ACF121A2349F2002625F2 /* Result.swift */; };
		EA5ACF141A2349F2002625F2 /* Result.swift in Sources */ = {isa = PBXBuildFile; fileRef = EA5ACF121A2349F2002625F2 /* Result.swift */; };
		EA5ACF161A234FDF002625F2 /* Services.swift in Sources */ = {isa = PBXBuildFile; fileRef = EA5ACF151A234FDF002625F2 /* Services.swift */; };
		EA5ACF171A234FDF002625F2 /* Services.swift in Sources */ = {isa = PBXBuildFile; fileRef = EA5ACF151A234FDF002625F2 /* Services.swift */; };
		EA5ACF191A235443002625F2 /* JSONInitializers.swift in Sources */ = {isa = PBXBuildFile; fileRef = EA5ACF181A235443002625F2 /* JSONInitializers.swift */; };
		EA5ACF1A1A235443002625F2 /* JSONInitializers.swift in Sources */ = {isa = PBXBuildFile; fileRef = EA5ACF181A235443002625F2 /* JSONInitializers.swift */; };
		EA5ACF1C1A23644F002625F2 /* PlaceTests.swift in Sources */ = {isa = PBXBuildFile; fileRef = EA5ACF1B1A23644F002625F2 /* PlaceTests.swift */; };
		EA5ACF1D1A236A0F002625F2 /* JSONInitializers.swift in Sources */ = {isa = PBXBuildFile; fileRef = EA5ACF181A235443002625F2 /* JSONInitializers.swift */; };
		EA5ACF201A236E9D002625F2 /* Factory.swift in Sources */ = {isa = PBXBuildFile; fileRef = EA5ACF1F1A236E9D002625F2 /* Factory.swift */; };
		EA5ACF211A236E9D002625F2 /* Factory.swift in Sources */ = {isa = PBXBuildFile; fileRef = EA5ACF1F1A236E9D002625F2 /* Factory.swift */; };
		EA5E68691A0223280004CCEC /* AppDelegate.swift in Sources */ = {isa = PBXBuildFile; fileRef = EA5E68681A0223280004CCEC /* AppDelegate.swift */; };
		EA5E686E1A0223280004CCEC /* Main.storyboard in Resources */ = {isa = PBXBuildFile; fileRef = EA5E686C1A0223280004CCEC /* Main.storyboard */; };
		EA5E68701A0223280004CCEC /* Images.xcassets in Resources */ = {isa = PBXBuildFile; fileRef = EA5E686F1A0223280004CCEC /* Images.xcassets */; };
		EA5E68731A0223280004CCEC /* LaunchScreen.xib in Resources */ = {isa = PBXBuildFile; fileRef = EA5E68711A0223280004CCEC /* LaunchScreen.xib */; };
		EA5E68891A0226C90004CCEC /* TopPlacesTableViewController.swift in Sources */ = {isa = PBXBuildFile; fileRef = EA5E68881A0226C90004CCEC /* TopPlacesTableViewController.swift */; };
		EA78337D1A02534D00028F5F /* FlickrApp.swift in Sources */ = {isa = PBXBuildFile; fileRef = EA78337C1A02534D00028F5F /* FlickrApp.swift */; };
		EA78337E1A02535F00028F5F /* FlickrApp.swift in Sources */ = {isa = PBXBuildFile; fileRef = EA78337C1A02534D00028F5F /* FlickrApp.swift */; };
		EA7DFCD81A25CB4F00932B57 /* UseCaseFactoryComponents.swift in Sources */ = {isa = PBXBuildFile; fileRef = EA7DFCD71A25CB4F00932B57 /* UseCaseFactoryComponents.swift */; };
		EA7DFCD91A25CC6200932B57 /* UseCaseFactoryComponents.swift in Sources */ = {isa = PBXBuildFile; fileRef = EA7DFCD71A25CB4F00932B57 /* UseCaseFactoryComponents.swift */; };
		EA7DFCDA1A25D13A00932B57 /* UseCaseFactoryComponents.swift in Sources */ = {isa = PBXBuildFile; fileRef = EA7DFCD71A25CB4F00932B57 /* UseCaseFactoryComponents.swift */; };
		EA7DFCDC1A25D9C600932B57 /* NSURLTests.swift in Sources */ = {isa = PBXBuildFile; fileRef = EA7DFCDB1A25D9C600932B57 /* NSURLTests.swift */; };
		EA7F0DC31A091CFC00613D80 /* PhotosViewController.swift in Sources */ = {isa = PBXBuildFile; fileRef = EA7F0DC21A091CFC00613D80 /* PhotosViewController.swift */; };
		EA7F0DC71A091F8300613D80 /* PhotosViewModel.swift in Sources */ = {isa = PBXBuildFile; fileRef = EA7F0DC51A091F8300613D80 /* PhotosViewModel.swift */; };
		EA7F0DC91A091FFA00613D80 /* PhotosViewModelTests.swift in Sources */ = {isa = PBXBuildFile; fileRef = EA7F0DC81A091FF900613D80 /* PhotosViewModelTests.swift */; };
		EA7F0DCA1A0925BB00613D80 /* PhotosViewModel.swift in Sources */ = {isa = PBXBuildFile; fileRef = EA7F0DC51A091F8300613D80 /* PhotosViewModel.swift */; };
		EA7F0DCC1A09428600613D80 /* ImageViewController.swift in Sources */ = {isa = PBXBuildFile; fileRef = EA7F0DCB1A09428600613D80 /* ImageViewController.swift */; };
		EA9517FC1A2622F000AEBB31 /* Factory.swift in Sources */ = {isa = PBXBuildFile; fileRef = EA5ACF1F1A236E9D002625F2 /* Factory.swift */; };
		EA9517FD1A26280200AEBB31 /* LoadPhotoWithIdTests.swift in Sources */ = {isa = PBXBuildFile; fileRef = EA262DAE1A251514004E0EDD /* LoadPhotoWithIdTests.swift */; };
		EAD5DA3B1A0975C5007D3718 /* ImageScrollView.swift in Sources */ = {isa = PBXBuildFile; fileRef = EAD5DA3A1A0975C5007D3718 /* ImageScrollView.swift */; };
		EAD5DA6D1A0AB4C8007D3718 /* SplitViewControllerDelegate.swift in Sources */ = {isa = PBXBuildFile; fileRef = EAD5DA6C1A0AB4C8007D3718 /* SplitViewControllerDelegate.swift */; };
		EAD8078F1A02C42400D82A3C /* TopPlacesViewModel.swift in Sources */ = {isa = PBXBuildFile; fileRef = EAD8078E1A02C42400D82A3C /* TopPlacesViewModel.swift */; };
		EAD807911A02C78800D82A3C /* TopPlacesViewModelTests.swift in Sources */ = {isa = PBXBuildFile; fileRef = EAD807901A02C78800D82A3C /* TopPlacesViewModelTests.swift */; };
		EAD807921A02C7AA00D82A3C /* TopPlacesViewModel.swift in Sources */ = {isa = PBXBuildFile; fileRef = EAD8078E1A02C42400D82A3C /* TopPlacesViewModel.swift */; };
		EAD807B91A02DDFC00D82A3C /* FlickrApp.swift in Sources */ = {isa = PBXBuildFile; fileRef = EA78337C1A02534D00028F5F /* FlickrApp.swift */; };
		EAD9BFE01A0B7E260067F75C /* SelectedPhotosHistory.swift in Sources */ = {isa = PBXBuildFile; fileRef = EAD9BFDF1A0B7E260067F75C /* SelectedPhotosHistory.swift */; };
		EAD9BFE11A0B7E260067F75C /* SelectedPhotosHistory.swift in Sources */ = {isa = PBXBuildFile; fileRef = EAD9BFDF1A0B7E260067F75C /* SelectedPhotosHistory.swift */; };
		EAD9BFE31A0B7E380067F75C /* SelectedPhotosHistoryTests.swift in Sources */ = {isa = PBXBuildFile; fileRef = EAD9BFE21A0B7E380067F75C /* SelectedPhotosHistoryTests.swift */; };
		EAE196231A25CB1300F18827 /* UseCaseFactoryComponentsTests.swift in Sources */ = {isa = PBXBuildFile; fileRef = EAE196221A25CB1300F18827 /* UseCaseFactoryComponentsTests.swift */; };
		EAF743781A0BA755005F7452 /* HistoryTableViewController.swift in Sources */ = {isa = PBXBuildFile; fileRef = EAF743771A0BA755005F7452 /* HistoryTableViewController.swift */; };
		EAF7437A1A0BAE93005F7452 /* SelectedPhotosHistoryViewModel.swift in Sources */ = {isa = PBXBuildFile; fileRef = EAF743791A0BAE93005F7452 /* SelectedPhotosHistoryViewModel.swift */; };
		EAF7437C1A0BB053005F7452 /* SelectedPhotosHistoryViewModelTests.swift in Sources */ = {isa = PBXBuildFile; fileRef = EAF7437B1A0BB053005F7452 /* SelectedPhotosHistoryViewModelTests.swift */; };
		EAF7437D1A0BB28D005F7452 /* SelectedPhotosHistoryViewModel.swift in Sources */ = {isa = PBXBuildFile; fileRef = EAF743791A0BAE93005F7452 /* SelectedPhotosHistoryViewModel.swift */; };
/* End PBXBuildFile section */

/* Begin PBXContainerItemProxy section */
		EA5E68791A0223280004CCEC /* PBXContainerItemProxy */ = {
			isa = PBXContainerItemProxy;
			containerPortal = EA5E685B1A0223270004CCEC /* Project object */;
			proxyType = 1;
			remoteGlobalIDString = EA5E68621A0223270004CCEC;
			remoteInfo = "Top Places - Swift";
		};
		EAD807AF1A02DCF000D82A3C /* PBXContainerItemProxy */ = {
			isa = PBXContainerItemProxy;
			containerPortal = EA5E685B1A0223270004CCEC /* Project object */;
			proxyType = 1;
			remoteGlobalIDString = EA5E68621A0223270004CCEC;
			remoteInfo = "Top Places - Swift";
		};
/* End PBXContainerItemProxy section */

/* Begin PBXFileReference section */
		07D1DFB2FF8E0D0792BF0310 /* libPods.a */ = {isa = PBXFileReference; explicitFileType = archive.ar; includeInIndex = 0; path = libPods.a; sourceTree = BUILT_PRODUCTS_DIR; };
		43EB9A8E5F66CC4E7BFFE2D8 /* Pods.release.xcconfig */ = {isa = PBXFileReference; includeInIndex = 1; lastKnownFileType = text.xcconfig; name = Pods.release.xcconfig; path = "Pods/Target Support Files/Pods/Pods.release.xcconfig"; sourceTree = "<group>"; };
		B9E4FFE26562DD3D6BA60B4E /* Pods.debug.xcconfig */ = {isa = PBXFileReference; includeInIndex = 1; lastKnownFileType = text.xcconfig; name = Pods.debug.xcconfig; path = "Pods/Target Support Files/Pods/Pods.debug.xcconfig"; sourceTree = "<group>"; };
		EA23BEE41A23B6E9003F9E87 /* WebJSONService.swift */ = {isa = PBXFileReference; fileEncoding = 4; lastKnownFileType = sourcecode.swift; lineEnding = 0; path = WebJSONService.swift; sourceTree = "<group>"; xcLanguageSpecificationIdentifier = xcode.lang.swift; };
		EA23BEE81A23B6FA003F9E87 /* Dictionary.swift */ = {isa = PBXFileReference; fileEncoding = 4; lastKnownFileType = sourcecode.swift; path = Dictionary.swift; sourceTree = "<group>"; };
		EA23BEEF1A23B91D003F9E87 /* WebJSONServiceTests.swift */ = {isa = PBXFileReference; fileEncoding = 4; lastKnownFileType = sourcecode.swift; lineEnding = 0; path = WebJSONServiceTests.swift; sourceTree = "<group>"; xcLanguageSpecificationIdentifier = xcode.lang.swift; };
		EA23BEF61A23BA0A003F9E87 /* UpdateTopPlacesTests.swift */ = {isa = PBXFileReference; fileEncoding = 4; lastKnownFileType = sourcecode.swift; path = UpdateTopPlacesTests.swift; sourceTree = "<group>"; };
		EA23BF321A23C081003F9E87 /* Top Places - SwiftTests-Bridging-Header.h */ = {isa = PBXFileReference; lastKnownFileType = sourcecode.c.h; path = "Top Places - SwiftTests-Bridging-Header.h"; sourceTree = "<group>"; };
		EA23BF6A1A248855003F9E87 /* UseCasesIntegrationTests.swift */ = {isa = PBXFileReference; fileEncoding = 4; lastKnownFileType = sourcecode.swift; lineEnding = 0; path = UseCasesIntegrationTests.swift; sourceTree = "<group>"; xcLanguageSpecificationIdentifier = xcode.lang.swift; };
		EA23BF711A24A809003F9E87 /* Utilities.swift */ = {isa = PBXFileReference; fileEncoding = 4; lastKnownFileType = sourcecode.swift; path = Utilities.swift; sourceTree = "<group>"; };
		EA23BF741A24C13D003F9E87 /* UseCaseFactoryTests.swift */ = {isa = PBXFileReference; fileEncoding = 4; lastKnownFileType = sourcecode.swift; lineEnding = 0; path = UseCaseFactoryTests.swift; sourceTree = "<group>"; xcLanguageSpecificationIdentifier = xcode.lang.swift; };
		EA23BF7D1A24C86C003F9E87 /* DataSourceDelegate.swift */ = {isa = PBXFileReference; fileEncoding = 4; lastKnownFileType = sourcecode.swift; name = DataSourceDelegate.swift; path = Flickr/DataSourceDelegate.swift; sourceTree = "<group>"; };
		EA262DA61A251143004E0EDD /* AppBuilder.swift */ = {isa = PBXFileReference; fileEncoding = 4; lastKnownFileType = sourcecode.swift; lineEnding = 0; path = AppBuilder.swift; sourceTree = "<group>"; xcLanguageSpecificationIdentifier = xcode.lang.swift; };
		EA262DA71A251143004E0EDD /* UIStoryboardInjector.swift */ = {isa = PBXFileReference; fileEncoding = 4; lastKnownFileType = sourcecode.swift; path = UIStoryboardInjector.swift; sourceTree = "<group>"; };
		EA262DA81A251143004E0EDD /* UseCaseFactory.swift */ = {isa = PBXFileReference; fileEncoding = 4; lastKnownFileType = sourcecode.swift; path = UseCaseFactory.swift; sourceTree = "<group>"; };
		EA262DAE1A251514004E0EDD /* LoadPhotoWithIdTests.swift */ = {isa = PBXFileReference; fileEncoding = 4; lastKnownFileType = sourcecode.swift; path = LoadPhotoWithIdTests.swift; sourceTree = "<group>"; };
		EA262DB11A25158C004E0EDD /* LoadPhotoWithId.swift */ = {isa = PBXFileReference; fileEncoding = 4; lastKnownFileType = sourcecode.swift; name = LoadPhotoWithId.swift; path = Flickr/LoadPhotoWithId.swift; sourceTree = "<group>"; };
		EA2E762E1A25C3790098E4BB /* WebImageService.swift */ = {isa = PBXFileReference; fileEncoding = 4; lastKnownFileType = sourcecode.swift; lineEnding = 0; path = WebImageService.swift; sourceTree = "<group>"; xcLanguageSpecificationIdentifier = xcode.lang.swift; };
		EA2E76321A25C4580098E4BB /* WebImageServiceTests.swift */ = {isa = PBXFileReference; fileEncoding = 4; lastKnownFileType = sourcecode.swift; path = WebImageServiceTests.swift; sourceTree = "<group>"; };
		EA3E71991A24DAE60055F11E /* UpdatePhotosForPlace.swift */ = {isa = PBXFileReference; fileEncoding = 4; lastKnownFileType = sourcecode.swift; name = UpdatePhotosForPlace.swift; path = Flickr/UpdatePhotosForPlace.swift; sourceTree = "<group>"; };
		EA3E719C1A24DB320055F11E /* UpdatePhotosForPlaceTests.swift */ = {isa = PBXFileReference; fileEncoding = 4; lastKnownFileType = sourcecode.swift; path = UpdatePhotosForPlaceTests.swift; sourceTree = "<group>"; };
		EA3E719E1A24DCAC0055F11E /* PhotoTests.swift */ = {isa = PBXFileReference; fileEncoding = 4; lastKnownFileType = sourcecode.swift; path = PhotoTests.swift; sourceTree = "<group>"; };
		EA5ACF0D1A234480002625F2 /* UpdateTopPlaces.swift */ = {isa = PBXFileReference; fileEncoding = 4; lastKnownFileType = sourcecode.swift; name = UpdateTopPlaces.swift; path = Flickr/UpdateTopPlaces.swift; sourceTree = "<group>"; };
		EA5ACF121A2349F2002625F2 /* Result.swift */ = {isa = PBXFileReference; fileEncoding = 4; lastKnownFileType = sourcecode.swift; path = Result.swift; sourceTree = "<group>"; };
		EA5ACF151A234FDF002625F2 /* Services.swift */ = {isa = PBXFileReference; fileEncoding = 4; lastKnownFileType = sourcecode.swift; name = Services.swift; path = Flickr/Services.swift; sourceTree = "<group>"; };
		EA5ACF181A235443002625F2 /* JSONInitializers.swift */ = {isa = PBXFileReference; fileEncoding = 4; lastKnownFileType = sourcecode.swift; name = JSONInitializers.swift; path = Flickr/JSONInitializers.swift; sourceTree = "<group>"; };
		EA5ACF1B1A23644F002625F2 /* PlaceTests.swift */ = {isa = PBXFileReference; fileEncoding = 4; lastKnownFileType = sourcecode.swift; path = PlaceTests.swift; sourceTree = "<group>"; };
		EA5ACF1F1A236E9D002625F2 /* Factory.swift */ = {isa = PBXFileReference; fileEncoding = 4; lastKnownFileType = sourcecode.swift; path = Factory.swift; sourceTree = "<group>"; };
		EA5E68631A0223270004CCEC /* Top Places - Swift.app */ = {isa = PBXFileReference; explicitFileType = wrapper.application; includeInIndex = 0; path = "Top Places - Swift.app"; sourceTree = BUILT_PRODUCTS_DIR; };
		EA5E68671A0223280004CCEC /* Info.plist */ = {isa = PBXFileReference; lastKnownFileType = text.plist.xml; path = Info.plist; sourceTree = "<group>"; };
		EA5E68681A0223280004CCEC /* AppDelegate.swift */ = {isa = PBXFileReference; lastKnownFileType = sourcecode.swift; path = AppDelegate.swift; sourceTree = "<group>"; };
		EA5E686D1A0223280004CCEC /* Base */ = {isa = PBXFileReference; lastKnownFileType = file.storyboard; name = Base; path = Base.lproj/Main.storyboard; sourceTree = "<group>"; };
		EA5E686F1A0223280004CCEC /* Images.xcassets */ = {isa = PBXFileReference; lastKnownFileType = folder.assetcatalog; path = Images.xcassets; sourceTree = "<group>"; };
		EA5E68721A0223280004CCEC /* Base */ = {isa = PBXFileReference; lastKnownFileType = file.xib; name = Base; path = Base.lproj/LaunchScreen.xib; sourceTree = "<group>"; };
		EA5E68781A0223280004CCEC /* Top Places - Unit Tests.xctest */ = {isa = PBXFileReference; explicitFileType = wrapper.cfbundle; includeInIndex = 0; path = "Top Places - Unit Tests.xctest"; sourceTree = BUILT_PRODUCTS_DIR; };
		EA5E687D1A0223280004CCEC /* Info.plist */ = {isa = PBXFileReference; lastKnownFileType = text.plist.xml; path = Info.plist; sourceTree = "<group>"; };
		EA5E68881A0226C90004CCEC /* TopPlacesTableViewController.swift */ = {isa = PBXFileReference; fileEncoding = 4; lastKnownFileType = sourcecode.swift; lineEnding = 0; name = TopPlacesTableViewController.swift; path = UI/TopPlacesTableViewController.swift; sourceTree = "<group>"; xcLanguageSpecificationIdentifier = xcode.lang.swift; };
		EA78337C1A02534D00028F5F /* FlickrApp.swift */ = {isa = PBXFileReference; fileEncoding = 4; lastKnownFileType = sourcecode.swift; lineEnding = 0; name = FlickrApp.swift; path = Flickr/FlickrApp.swift; sourceTree = "<group>"; xcLanguageSpecificationIdentifier = xcode.lang.swift; };
		EA78337F1A0253FD00028F5F /* test.playground */ = {isa = PBXFileReference; lastKnownFileType = file.playground; path = test.playground; sourceTree = "<group>"; };
		EA7DFCD71A25CB4F00932B57 /* UseCaseFactoryComponents.swift */ = {isa = PBXFileReference; fileEncoding = 4; lastKnownFileType = sourcecode.swift; lineEnding = 0; name = UseCaseFactoryComponents.swift; path = Flickr/UseCaseFactoryComponents.swift; sourceTree = "<group>"; xcLanguageSpecificationIdentifier = xcode.lang.swift; };
		EA7DFCDB1A25D9C600932B57 /* NSURLTests.swift */ = {isa = PBXFileReference; fileEncoding = 4; lastKnownFileType = sourcecode.swift; path = NSURLTests.swift; sourceTree = "<group>"; };
		EA7F0DC21A091CFC00613D80 /* PhotosViewController.swift */ = {isa = PBXFileReference; fileEncoding = 4; lastKnownFileType = sourcecode.swift; name = PhotosViewController.swift; path = UI/PhotosViewController.swift; sourceTree = "<group>"; };
		EA7F0DC51A091F8300613D80 /* PhotosViewModel.swift */ = {isa = PBXFileReference; fileEncoding = 4; lastKnownFileType = sourcecode.swift; lineEnding = 0; name = PhotosViewModel.swift; path = Flickr/PhotosViewModel.swift; sourceTree = "<group>"; xcLanguageSpecificationIdentifier = xcode.lang.swift; };
		EA7F0DC81A091FF900613D80 /* PhotosViewModelTests.swift */ = {isa = PBXFileReference; fileEncoding = 4; lastKnownFileType = sourcecode.swift; lineEnding = 0; path = PhotosViewModelTests.swift; sourceTree = "<group>"; xcLanguageSpecificationIdentifier = xcode.lang.swift; };
		EA7F0DCB1A09428600613D80 /* ImageViewController.swift */ = {isa = PBXFileReference; fileEncoding = 4; lastKnownFileType = sourcecode.swift; lineEnding = 0; name = ImageViewController.swift; path = UI/ImageViewController.swift; sourceTree = "<group>"; xcLanguageSpecificationIdentifier = xcode.lang.swift; };
		EAD5DA3A1A0975C5007D3718 /* ImageScrollView.swift */ = {isa = PBXFileReference; fileEncoding = 4; lastKnownFileType = sourcecode.swift; name = ImageScrollView.swift; path = UI/ImageScrollView.swift; sourceTree = "<group>"; };
		EAD5DA6C1A0AB4C8007D3718 /* SplitViewControllerDelegate.swift */ = {isa = PBXFileReference; fileEncoding = 4; lastKnownFileType = sourcecode.swift; name = SplitViewControllerDelegate.swift; path = UI/SplitViewControllerDelegate.swift; sourceTree = "<group>"; };
		EAD8078E1A02C42400D82A3C /* TopPlacesViewModel.swift */ = {isa = PBXFileReference; fileEncoding = 4; lastKnownFileType = sourcecode.swift; lineEnding = 0; name = TopPlacesViewModel.swift; path = Flickr/TopPlacesViewModel.swift; sourceTree = "<group>"; xcLanguageSpecificationIdentifier = xcode.lang.swift; };
		EAD807901A02C78800D82A3C /* TopPlacesViewModelTests.swift */ = {isa = PBXFileReference; fileEncoding = 4; lastKnownFileType = sourcecode.swift; lineEnding = 0; path = TopPlacesViewModelTests.swift; sourceTree = "<group>"; xcLanguageSpecificationIdentifier = xcode.lang.swift; };
		EAD807A91A02DCF000D82A3C /* Top Places - Integration Tests.xctest */ = {isa = PBXFileReference; explicitFileType = wrapper.cfbundle; includeInIndex = 0; path = "Top Places - Integration Tests.xctest"; sourceTree = BUILT_PRODUCTS_DIR; };
		EAD807AC1A02DCF000D82A3C /* Info.plist */ = {isa = PBXFileReference; lastKnownFileType = text.plist.xml; path = Info.plist; sourceTree = "<group>"; };
		EAD9BFDF1A0B7E260067F75C /* SelectedPhotosHistory.swift */ = {isa = PBXFileReference; fileEncoding = 4; lastKnownFileType = sourcecode.swift; name = SelectedPhotosHistory.swift; path = Flickr/SelectedPhotosHistory.swift; sourceTree = "<group>"; };
		EAD9BFE21A0B7E380067F75C /* SelectedPhotosHistoryTests.swift */ = {isa = PBXFileReference; fileEncoding = 4; lastKnownFileType = sourcecode.swift; lineEnding = 0; path = SelectedPhotosHistoryTests.swift; sourceTree = "<group>"; xcLanguageSpecificationIdentifier = xcode.lang.swift; };
		EAE196221A25CB1300F18827 /* UseCaseFactoryComponentsTests.swift */ = {isa = PBXFileReference; fileEncoding = 4; lastKnownFileType = sourcecode.swift; lineEnding = 0; path = UseCaseFactoryComponentsTests.swift; sourceTree = "<group>"; xcLanguageSpecificationIdentifier = xcode.lang.swift; };
		EAF743771A0BA755005F7452 /* HistoryTableViewController.swift */ = {isa = PBXFileReference; fileEncoding = 4; lastKnownFileType = sourcecode.swift; name = HistoryTableViewController.swift; path = UI/HistoryTableViewController.swift; sourceTree = "<group>"; };
		EAF743791A0BAE93005F7452 /* SelectedPhotosHistoryViewModel.swift */ = {isa = PBXFileReference; fileEncoding = 4; lastKnownFileType = sourcecode.swift; name = SelectedPhotosHistoryViewModel.swift; path = Flickr/SelectedPhotosHistoryViewModel.swift; sourceTree = "<group>"; };
		EAF7437B1A0BB053005F7452 /* SelectedPhotosHistoryViewModelTests.swift */ = {isa = PBXFileReference; fileEncoding = 4; lastKnownFileType = sourcecode.swift; path = SelectedPhotosHistoryViewModelTests.swift; sourceTree = "<group>"; };
/* End PBXFileReference section */

/* Begin PBXFrameworksBuildPhase section */
		EA5E68601A0223270004CCEC /* Frameworks */ = {
			isa = PBXFrameworksBuildPhase;
			buildActionMask = 2147483647;
			files = (
				B3DA1F6D374D50B7D538252E /* libPods.a in Frameworks */,
			);
			runOnlyForDeploymentPostprocessing = 0;
		};
		EA5E68751A0223280004CCEC /* Frameworks */ = {
			isa = PBXFrameworksBuildPhase;
			buildActionMask = 2147483647;
			files = (
			);
			runOnlyForDeploymentPostprocessing = 0;
		};
		EAD807A61A02DCF000D82A3C /* Frameworks */ = {
			isa = PBXFrameworksBuildPhase;
			buildActionMask = 2147483647;
			files = (
			);
			runOnlyForDeploymentPostprocessing = 0;
		};
/* End PBXFrameworksBuildPhase section */

/* Begin PBXGroup section */
		49216D74BF17A606C1C81664 /* Pods */ = {
			isa = PBXGroup;
			children = (
				B9E4FFE26562DD3D6BA60B4E /* Pods.debug.xcconfig */,
				43EB9A8E5F66CC4E7BFFE2D8 /* Pods.release.xcconfig */,
			);
			name = Pods;
			sourceTree = "<group>";
		};
		EA23BF6C1A24A6F8003F9E87 /* Utilities */ = {
			isa = PBXGroup;
			children = (
				EA23BEE81A23B6FA003F9E87 /* Dictionary.swift */,
			);
			name = Utilities;
			sourceTree = "<group>";
		};
		EA262DA51A251143004E0EDD /* DependencyInjection */ = {
			isa = PBXGroup;
			children = (
				EA262DA61A251143004E0EDD /* AppBuilder.swift */,
				EA262DA71A251143004E0EDD /* UIStoryboardInjector.swift */,
				EA262DA81A251143004E0EDD /* UseCaseFactory.swift */,
			);
			path = DependencyInjection;
			sourceTree = "<group>";
		};
		EA5E685A1A0223270004CCEC = {
			isa = PBXGroup;
			children = (
				EA5E68651A0223270004CCEC /* Top Places - Swift */,
				EA5E687B1A0223280004CCEC /* Top Places - Unit Tests */,
				EAD807AA1A02DCF000D82A3C /* Top Places - Integration Tests */,
				EA5E68641A0223270004CCEC /* Products */,
				49216D74BF17A606C1C81664 /* Pods */,
				F0B2318D703FF1D6194281C8 /* Frameworks */,
			);
			sourceTree = "<group>";
		};
		EA5E68641A0223270004CCEC /* Products */ = {
			isa = PBXGroup;
			children = (
				EA5E68631A0223270004CCEC /* Top Places - Swift.app */,
				EA5E68781A0223280004CCEC /* Top Places - Unit Tests.xctest */,
				EAD807A91A02DCF000D82A3C /* Top Places - Integration Tests.xctest */,
			);
			name = Products;
			sourceTree = "<group>";
		};
		EA5E68651A0223270004CCEC /* Top Places - Swift */ = {
			isa = PBXGroup;
			children = (
				EA262DA51A251143004E0EDD /* DependencyInjection */,
				EA7833751A022B6700028F5F /* Flickr */,
				EA5E688A1A0226D50004CCEC /* UI */,
				EA23BF6C1A24A6F8003F9E87 /* Utilities */,
				EA5E68681A0223280004CCEC /* AppDelegate.swift */,
				EA5ACF121A2349F2002625F2 /* Result.swift */,
				EA5ACF151A234FDF002625F2 /* Services.swift */,
				EA2E762E1A25C3790098E4BB /* WebImageService.swift */,
				EA23BEE41A23B6E9003F9E87 /* WebJSONService.swift */,
				EA5E68661A0223270004CCEC /* Supporting Files */,
			);
			path = "Top Places - Swift";
			sourceTree = "<group>";
		};
		EA5E68661A0223270004CCEC /* Supporting Files */ = {
			isa = PBXGroup;
			children = (
				EA78337F1A0253FD00028F5F /* test.playground */,
				EA5E68671A0223280004CCEC /* Info.plist */,
			);
			name = "Supporting Files";
			sourceTree = "<group>";
		};
		EA5E687B1A0223280004CCEC /* Top Places - Unit Tests */ = {
			isa = PBXGroup;
			children = (
				EA7DFCDD1A25DDCA00932B57 /* TestHelpers */,
				EA23BF321A23C081003F9E87 /* Top Places - SwiftTests-Bridging-Header.h */,
				EA262DAE1A251514004E0EDD /* LoadPhotoWithIdTests.swift */,
				EA7DFCDB1A25D9C600932B57 /* NSURLTests.swift */,
				EA7F0DC81A091FF900613D80 /* PhotosViewModelTests.swift */,
				EA3E719E1A24DCAC0055F11E /* PhotoTests.swift */,
				EA5ACF1B1A23644F002625F2 /* PlaceTests.swift */,
				EAD9BFE21A0B7E380067F75C /* SelectedPhotosHistoryTests.swift */,
				EAF7437B1A0BB053005F7452 /* SelectedPhotosHistoryViewModelTests.swift */,
				EAD807901A02C78800D82A3C /* TopPlacesViewModelTests.swift */,
				EA3E719C1A24DB320055F11E /* UpdatePhotosForPlaceTests.swift */,
				EA23BEF61A23BA0A003F9E87 /* UpdateTopPlacesTests.swift */,
				EAE196221A25CB1300F18827 /* UseCaseFactoryComponentsTests.swift */,
				EA23BF741A24C13D003F9E87 /* UseCaseFactoryTests.swift */,
				EA2E76321A25C4580098E4BB /* WebImageServiceTests.swift */,
				EA23BEEF1A23B91D003F9E87 /* WebJSONServiceTests.swift */,
				EA5E687C1A0223280004CCEC /* Supporting Files */,
			);
			name = "Top Places - Unit Tests";
			path = "Top Places - SwiftTests";
			sourceTree = "<group>";
		};
		EA5E687C1A0223280004CCEC /* Supporting Files */ = {
			isa = PBXGroup;
			children = (
				EA5E687D1A0223280004CCEC /* Info.plist */,
			);
			name = "Supporting Files";
			sourceTree = "<group>";
		};
		EA5E688A1A0226D50004CCEC /* UI */ = {
			isa = PBXGroup;
			children = (
				EAF743771A0BA755005F7452 /* HistoryTableViewController.swift */,
				EAD5DA3A1A0975C5007D3718 /* ImageScrollView.swift */,
				EA7F0DCB1A09428600613D80 /* ImageViewController.swift */,
				EA7F0DC21A091CFC00613D80 /* PhotosViewController.swift */,
				EAD5DA6C1A0AB4C8007D3718 /* SplitViewControllerDelegate.swift */,
				EA5E68881A0226C90004CCEC /* TopPlacesTableViewController.swift */,
				EA5E686F1A0223280004CCEC /* Images.xcassets */,
				EA5E68711A0223280004CCEC /* LaunchScreen.xib */,
				EA5E686C1A0223280004CCEC /* Main.storyboard */,
			);
			name = UI;
			sourceTree = "<group>";
		};
		EA7833751A022B6700028F5F /* Flickr */ = {
			isa = PBXGroup;
			children = (
				EA23BF7D1A24C86C003F9E87 /* DataSourceDelegate.swift */,
				EA78337C1A02534D00028F5F /* FlickrApp.swift */,
				EA5ACF181A235443002625F2 /* JSONInitializers.swift */,
				EA262DB11A25158C004E0EDD /* LoadPhotoWithId.swift */,
				EA7F0DC51A091F8300613D80 /* PhotosViewModel.swift */,
				EAD9BFDF1A0B7E260067F75C /* SelectedPhotosHistory.swift */,
				EAF743791A0BAE93005F7452 /* SelectedPhotosHistoryViewModel.swift */,
				EAD8078E1A02C42400D82A3C /* TopPlacesViewModel.swift */,
				EA3E71991A24DAE60055F11E /* UpdatePhotosForPlace.swift */,
				EA5ACF0D1A234480002625F2 /* UpdateTopPlaces.swift */,
				EA7DFCD71A25CB4F00932B57 /* UseCaseFactoryComponents.swift */,
			);
			name = Flickr;
			sourceTree = "<group>";
		};
		EA7DFCDD1A25DDCA00932B57 /* TestHelpers */ = {
			isa = PBXGroup;
			children = (
				EA5ACF1F1A236E9D002625F2 /* Factory.swift */,
				EA23BF711A24A809003F9E87 /* Utilities.swift */,
			);
			name = TestHelpers;
			sourceTree = "<group>";
		};
		EAD807AA1A02DCF000D82A3C /* Top Places - Integration Tests */ = {
			isa = PBXGroup;
			children = (
				EAD807AB1A02DCF000D82A3C /* Supporting Files */,
				EA23BF6A1A248855003F9E87 /* UseCasesIntegrationTests.swift */,
			);
			name = "Top Places - Integration Tests";
			path = "Top Places - Async Tests";
			sourceTree = "<group>";
		};
		EAD807AB1A02DCF000D82A3C /* Supporting Files */ = {
			isa = PBXGroup;
			children = (
				EAD807AC1A02DCF000D82A3C /* Info.plist */,
			);
			name = "Supporting Files";
			sourceTree = "<group>";
		};
		F0B2318D703FF1D6194281C8 /* Frameworks */ = {
			isa = PBXGroup;
			children = (
				07D1DFB2FF8E0D0792BF0310 /* libPods.a */,
			);
			name = Frameworks;
			sourceTree = "<group>";
		};
/* End PBXGroup section */

/* Begin PBXNativeTarget section */
		EA5E68621A0223270004CCEC /* Top Places - Swift */ = {
			isa = PBXNativeTarget;
			buildConfigurationList = EA5E68821A0223280004CCEC /* Build configuration list for PBXNativeTarget "Top Places - Swift" */;
			buildPhases = (
				F150E52E82EBE0BEEF5F579A /* Check Pods Manifest.lock */,
				EA5E685F1A0223270004CCEC /* Sources */,
				EA5E68601A0223270004CCEC /* Frameworks */,
				EA5E68611A0223270004CCEC /* Resources */,
				C5D2EC4F72A6D43021F99B0E /* Copy Pods Resources */,
			);
			buildRules = (
			);
			dependencies = (
			);
			name = "Top Places - Swift";
			productName = "Top Places - Swift";
			productReference = EA5E68631A0223270004CCEC /* Top Places - Swift.app */;
			productType = "com.apple.product-type.application";
		};
		EA5E68771A0223280004CCEC /* Top Places - Unit Tests */ = {
			isa = PBXNativeTarget;
			buildConfigurationList = EA5E68851A0223280004CCEC /* Build configuration list for PBXNativeTarget "Top Places - Unit Tests" */;
			buildPhases = (
				EA5E68741A0223280004CCEC /* Sources */,
				EA5E68751A0223280004CCEC /* Frameworks */,
				EA5E68761A0223280004CCEC /* Resources */,
			);
			buildRules = (
			);
			dependencies = (
				EA5E687A1A0223280004CCEC /* PBXTargetDependency */,
			);
			name = "Top Places - Unit Tests";
			productName = "Top Places - SwiftTests";
			productReference = EA5E68781A0223280004CCEC /* Top Places - Unit Tests.xctest */;
			productType = "com.apple.product-type.bundle.unit-test";
		};
		EAD807A81A02DCF000D82A3C /* Top Places - Integration Tests */ = {
			isa = PBXNativeTarget;
			buildConfigurationList = EAD807B11A02DCF000D82A3C /* Build configuration list for PBXNativeTarget "Top Places - Integration Tests" */;
			buildPhases = (
				EAD807A51A02DCF000D82A3C /* Sources */,
				EAD807A61A02DCF000D82A3C /* Frameworks */,
				EAD807A71A02DCF000D82A3C /* Resources */,
			);
			buildRules = (
			);
			dependencies = (
				EAD807B01A02DCF000D82A3C /* PBXTargetDependency */,
			);
			name = "Top Places - Integration Tests";
			productName = "Top Places - Async Tests";
			productReference = EAD807A91A02DCF000D82A3C /* Top Places - Integration Tests.xctest */;
			productType = "com.apple.product-type.bundle.unit-test";
		};
/* End PBXNativeTarget section */

/* Begin PBXProject section */
		EA5E685B1A0223270004CCEC /* Project object */ = {
			isa = PBXProject;
			attributes = {
				LastUpgradeCheck = 0610;
				ORGANIZATIONNAME = "Witold Skibniewski";
				TargetAttributes = {
					EA5E68621A0223270004CCEC = {
						CreatedOnToolsVersion = 6.1;
					};
					EA5E68771A0223280004CCEC = {
						CreatedOnToolsVersion = 6.1;
						TestTargetID = EA5E68621A0223270004CCEC;
					};
					EAD807A81A02DCF000D82A3C = {
						CreatedOnToolsVersion = 6.1;
						TestTargetID = EA5E68621A0223270004CCEC;
					};
				};
			};
			buildConfigurationList = EA5E685E1A0223270004CCEC /* Build configuration list for PBXProject "Top Places - Swift" */;
			compatibilityVersion = "Xcode 3.2";
			developmentRegion = English;
			hasScannedForEncodings = 0;
			knownRegions = (
				en,
				Base,
			);
			mainGroup = EA5E685A1A0223270004CCEC;
			productRefGroup = EA5E68641A0223270004CCEC /* Products */;
			projectDirPath = "";
			projectRoot = "";
			targets = (
				EA5E68621A0223270004CCEC /* Top Places - Swift */,
				EA5E68771A0223280004CCEC /* Top Places - Unit Tests */,
				EAD807A81A02DCF000D82A3C /* Top Places - Integration Tests */,
			);
		};
/* End PBXProject section */

/* Begin PBXResourcesBuildPhase section */
		EA5E68611A0223270004CCEC /* Resources */ = {
			isa = PBXResourcesBuildPhase;
			buildActionMask = 2147483647;
			files = (
				EA5E686E1A0223280004CCEC /* Main.storyboard in Resources */,
				EA5E68731A0223280004CCEC /* LaunchScreen.xib in Resources */,
				EA5E68701A0223280004CCEC /* Images.xcassets in Resources */,
			);
			runOnlyForDeploymentPostprocessing = 0;
		};
		EA5E68761A0223280004CCEC /* Resources */ = {
			isa = PBXResourcesBuildPhase;
			buildActionMask = 2147483647;
			files = (
			);
			runOnlyForDeploymentPostprocessing = 0;
		};
		EAD807A71A02DCF000D82A3C /* Resources */ = {
			isa = PBXResourcesBuildPhase;
			buildActionMask = 2147483647;
			files = (
			);
			runOnlyForDeploymentPostprocessing = 0;
		};
/* End PBXResourcesBuildPhase section */

/* Begin PBXShellScriptBuildPhase section */
		C5D2EC4F72A6D43021F99B0E /* Copy Pods Resources */ = {
			isa = PBXShellScriptBuildPhase;
			buildActionMask = 2147483647;
			files = (
			);
			inputPaths = (
			);
			name = "Copy Pods Resources";
			outputPaths = (
			);
			runOnlyForDeploymentPostprocessing = 0;
			shellPath = /bin/sh;
			shellScript = "\"${SRCROOT}/Pods/Target Support Files/Pods/Pods-resources.sh\"\n";
			showEnvVarsInLog = 0;
		};
		F150E52E82EBE0BEEF5F579A /* Check Pods Manifest.lock */ = {
			isa = PBXShellScriptBuildPhase;
			buildActionMask = 2147483647;
			files = (
			);
			inputPaths = (
			);
			name = "Check Pods Manifest.lock";
			outputPaths = (
			);
			runOnlyForDeploymentPostprocessing = 0;
			shellPath = /bin/sh;
			shellScript = "diff \"${PODS_ROOT}/../Podfile.lock\" \"${PODS_ROOT}/Manifest.lock\" > /dev/null\nif [[ $? != 0 ]] ; then\n    cat << EOM\nerror: The sandbox is not in sync with the Podfile.lock. Run 'pod install' or update your CocoaPods installation.\nEOM\n    exit 1\nfi\n";
			showEnvVarsInLog = 0;
		};
/* End PBXShellScriptBuildPhase section */

/* Begin PBXSourcesBuildPhase section */
		EA5E685F1A0223270004CCEC /* Sources */ = {
			isa = PBXSourcesBuildPhase;
			buildActionMask = 2147483647;
			files = (
				EA262DAA1A251143004E0EDD /* UIStoryboardInjector.swift in Sources */,
				EA5E68891A0226C90004CCEC /* TopPlacesTableViewController.swift in Sources */,
				EAD5DA3B1A0975C5007D3718 /* ImageScrollView.swift in Sources */,
				EA5ACF201A236E9D002625F2 /* Factory.swift in Sources */,
				EA7DFCD81A25CB4F00932B57 /* UseCaseFactoryComponents.swift in Sources */,
				EA5ACF131A2349F2002625F2 /* Result.swift in Sources */,
				EAF7437A1A0BAE93005F7452 /* SelectedPhotosHistoryViewModel.swift in Sources */,
				EA262DAB1A251143004E0EDD /* UseCaseFactory.swift in Sources */,
				EAD5DA6D1A0AB4C8007D3718 /* SplitViewControllerDelegate.swift in Sources */,
				EA7F0DCA1A0925BB00613D80 /* PhotosViewModel.swift in Sources */,
				EA262DA91A251143004E0EDD /* AppBuilder.swift in Sources */,
				EA3E719A1A24DAE60055F11E /* UpdatePhotosForPlace.swift in Sources */,
				EA23BEE51A23B6E9003F9E87 /* WebJSONService.swift in Sources */,
				EAD8078F1A02C42400D82A3C /* TopPlacesViewModel.swift in Sources */,
				EA2E762F1A25C3790098E4BB /* WebImageService.swift in Sources */,
				EA5E68691A0223280004CCEC /* AppDelegate.swift in Sources */,
				EA5ACF191A235443002625F2 /* JSONInitializers.swift in Sources */,
				EA78337D1A02534D00028F5F /* FlickrApp.swift in Sources */,
				EAF743781A0BA755005F7452 /* HistoryTableViewController.swift in Sources */,
				EA23BF7E1A24C86C003F9E87 /* DataSourceDelegate.swift in Sources */,
				EA5ACF0E1A234480002625F2 /* UpdateTopPlaces.swift in Sources */,
				EAD9BFE01A0B7E260067F75C /* SelectedPhotosHistory.swift in Sources */,
				EA7F0DCC1A09428600613D80 /* ImageViewController.swift in Sources */,
				EA7F0DC31A091CFC00613D80 /* PhotosViewController.swift in Sources */,
				EA5ACF161A234FDF002625F2 /* Services.swift in Sources */,
				EA23BEE91A23B6FA003F9E87 /* Dictionary.swift in Sources */,
				EA262DB21A25158C004E0EDD /* LoadPhotoWithId.swift in Sources */,
			);
			runOnlyForDeploymentPostprocessing = 0;
		};
		EA5E68741A0223280004CCEC /* Sources */ = {
			isa = PBXSourcesBuildPhase;
			buildActionMask = 2147483647;
			files = (
				EA3E719D1A24DB320055F11E /* UpdatePhotosForPlaceTests.swift in Sources */,
				EA2E76301A25C3790098E4BB /* WebImageService.swift in Sources */,
				EAF7437C1A0BB053005F7452 /* SelectedPhotosHistoryViewModelTests.swift in Sources */,
				EA5ACF171A234FDF002625F2 /* Services.swift in Sources */,
				EAD807911A02C78800D82A3C /* TopPlacesViewModelTests.swift in Sources */,
				EA5ACF211A236E9D002625F2 /* Factory.swift in Sources */,
				EA23BEEA1A23B6FA003F9E87 /* Dictionary.swift in Sources */,
				EA262DAD1A25114C004E0EDD /* UseCaseFactory.swift in Sources */,
				EA23BF721A24A809003F9E87 /* Utilities.swift in Sources */,
				EA7F0DC91A091FFA00613D80 /* PhotosViewModelTests.swift in Sources */,
				EA2E76331A25C4580098E4BB /* WebImageServiceTests.swift in Sources */,
				EAD9BFE11A0B7E260067F75C /* SelectedPhotosHistory.swift in Sources */,
				EA5ACF141A2349F2002625F2 /* Result.swift in Sources */,
				EA7DFCDC1A25D9C600932B57 /* NSURLTests.swift in Sources */,
				EA7DFCD91A25CC6200932B57 /* UseCaseFactoryComponents.swift in Sources */,
				EA23BEF41A23B91D003F9E87 /* WebJSONServiceTests.swift in Sources */,
				EA3E719F1A24DCAC0055F11E /* PhotoTests.swift in Sources */,
				EA23BEF71A23BA0A003F9E87 /* UpdateTopPlacesTests.swift in Sources */,
				EA23BF7F1A24C86C003F9E87 /* DataSourceDelegate.swift in Sources */,
				EA23BEE61A23B6E9003F9E87 /* WebJSONService.swift in Sources */,
				EA7F0DC71A091F8300613D80 /* PhotosViewModel.swift in Sources */,
				EA9517FD1A26280200AEBB31 /* LoadPhotoWithIdTests.swift in Sources */,
				EAD807921A02C7AA00D82A3C /* TopPlacesViewModel.swift in Sources */,
				EAD9BFE31A0B7E380067F75C /* SelectedPhotosHistoryTests.swift in Sources */,
				EA23BF7C1A24C6AC003F9E87 /* UpdateTopPlaces.swift in Sources */,
				EA23BF751A24C13D003F9E87 /* UseCaseFactoryTests.swift in Sources */,
				EA3E719B1A24DAE60055F11E /* UpdatePhotosForPlace.swift in Sources */,
				EA5ACF1A1A235443002625F2 /* JSONInitializers.swift in Sources */,
				EA262DB31A25158C004E0EDD /* LoadPhotoWithId.swift in Sources */,
				EA78337E1A02535F00028F5F /* FlickrApp.swift in Sources */,
				EAE196231A25CB1300F18827 /* UseCaseFactoryComponentsTests.swift in Sources */,
				EAF7437D1A0BB28D005F7452 /* SelectedPhotosHistoryViewModel.swift in Sources */,
				EA5ACF1C1A23644F002625F2 /* PlaceTests.swift in Sources */,
			);
			runOnlyForDeploymentPostprocessing = 0;
		};
		EAD807A51A02DCF000D82A3C /* Sources */ = {
			isa = PBXSourcesBuildPhase;
			buildActionMask = 2147483647;
			files = (
				EA23BEED1A23B8F1003F9E87 /* Result.swift in Sources */,
				EA23BEEB1A23B6FA003F9E87 /* Dictionary.swift in Sources */,
				EA262DB41A25158C004E0EDD /* LoadPhotoWithId.swift in Sources */,
				EA23BF731A24A809003F9E87 /* Utilities.swift in Sources */,
				EA23BEE71A23B6E9003F9E87 /* WebJSONService.swift in Sources */,
				EA23BF7B1A24C65E003F9E87 /* UpdateTopPlaces.swift in Sources */,
				EA5ACF1D1A236A0F002625F2 /* JSONInitializers.swift in Sources */,
				EA3E71A01A24E5040055F11E /* UpdatePhotosForPlace.swift in Sources */,
				EA23BEEC1A23B8E8003F9E87 /* Services.swift in Sources */,
				EA9517FC1A2622F000AEBB31 /* Factory.swift in Sources */,
				EAD807B91A02DDFC00D82A3C /* FlickrApp.swift in Sources */,
				EA2E76311A25C3790098E4BB /* WebImageService.swift in Sources */,
				EA262DAC1A25114B004E0EDD /* UseCaseFactory.swift in Sources */,
				EA7DFCDA1A25D13A00932B57 /* UseCaseFactoryComponents.swift in Sources */,
				EA23BF6B1A248855003F9E87 /* UseCasesIntegrationTests.swift in Sources */,
			);
			runOnlyForDeploymentPostprocessing = 0;
		};
/* End PBXSourcesBuildPhase section */

/* Begin PBXTargetDependency section */
		EA5E687A1A0223280004CCEC /* PBXTargetDependency */ = {
			isa = PBXTargetDependency;
			target = EA5E68621A0223270004CCEC /* Top Places - Swift */;
			targetProxy = EA5E68791A0223280004CCEC /* PBXContainerItemProxy */;
		};
		EAD807B01A02DCF000D82A3C /* PBXTargetDependency */ = {
			isa = PBXTargetDependency;
			target = EA5E68621A0223270004CCEC /* Top Places - Swift */;
			targetProxy = EAD807AF1A02DCF000D82A3C /* PBXContainerItemProxy */;
		};
/* End PBXTargetDependency section */

/* Begin PBXVariantGroup section */
		EA5E686C1A0223280004CCEC /* Main.storyboard */ = {
			isa = PBXVariantGroup;
			children = (
				EA5E686D1A0223280004CCEC /* Base */,
			);
			name = Main.storyboard;
			sourceTree = "<group>";
		};
		EA5E68711A0223280004CCEC /* LaunchScreen.xib */ = {
			isa = PBXVariantGroup;
			children = (
				EA5E68721A0223280004CCEC /* Base */,
			);
			name = LaunchScreen.xib;
			sourceTree = "<group>";
		};
/* End PBXVariantGroup section */

/* Begin XCBuildConfiguration section */
		EA5E68801A0223280004CCEC /* Debug */ = {
			isa = XCBuildConfiguration;
			buildSettings = {
				ALWAYS_SEARCH_USER_PATHS = NO;
				CLANG_CXX_LANGUAGE_STANDARD = "gnu++0x";
				CLANG_CXX_LIBRARY = "libc++";
				CLANG_ENABLE_MODULES = YES;
				CLANG_ENABLE_OBJC_ARC = YES;
				CLANG_WARN_BOOL_CONVERSION = YES;
				CLANG_WARN_CONSTANT_CONVERSION = YES;
				CLANG_WARN_DIRECT_OBJC_ISA_USAGE = YES_ERROR;
				CLANG_WARN_EMPTY_BODY = YES;
				CLANG_WARN_ENUM_CONVERSION = YES;
				CLANG_WARN_INT_CONVERSION = YES;
				CLANG_WARN_OBJC_ROOT_CLASS = YES_ERROR;
				CLANG_WARN_UNREACHABLE_CODE = YES;
				CLANG_WARN__DUPLICATE_METHOD_MATCH = YES;
				"CODE_SIGN_IDENTITY[sdk=iphoneos*]" = "iPhone Developer";
				COPY_PHASE_STRIP = NO;
				ENABLE_STRICT_OBJC_MSGSEND = YES;
				GCC_C_LANGUAGE_STANDARD = gnu99;
				GCC_DYNAMIC_NO_PIC = NO;
				GCC_OPTIMIZATION_LEVEL = 0;
				GCC_PREPROCESSOR_DEFINITIONS = (
					"DEBUG=1",
					"$(inherited)",
				);
				GCC_SYMBOLS_PRIVATE_EXTERN = NO;
				GCC_WARN_64_TO_32_BIT_CONVERSION = YES;
				GCC_WARN_ABOUT_RETURN_TYPE = YES_ERROR;
				GCC_WARN_UNDECLARED_SELECTOR = YES;
				GCC_WARN_UNINITIALIZED_AUTOS = YES_AGGRESSIVE;
				GCC_WARN_UNUSED_FUNCTION = YES;
				GCC_WARN_UNUSED_VARIABLE = YES;
				IPHONEOS_DEPLOYMENT_TARGET = 8.1;
				MTL_ENABLE_DEBUG_INFO = YES;
				ONLY_ACTIVE_ARCH = YES;
				SDKROOT = iphoneos;
				SWIFT_OPTIMIZATION_LEVEL = "-Onone";
				TARGETED_DEVICE_FAMILY = "1,2";
			};
			name = Debug;
		};
		EA5E68811A0223280004CCEC /* Release */ = {
			isa = XCBuildConfiguration;
			buildSettings = {
				ALWAYS_SEARCH_USER_PATHS = NO;
				CLANG_CXX_LANGUAGE_STANDARD = "gnu++0x";
				CLANG_CXX_LIBRARY = "libc++";
				CLANG_ENABLE_MODULES = YES;
				CLANG_ENABLE_OBJC_ARC = YES;
				CLANG_WARN_BOOL_CONVERSION = YES;
				CLANG_WARN_CONSTANT_CONVERSION = YES;
				CLANG_WARN_DIRECT_OBJC_ISA_USAGE = YES_ERROR;
				CLANG_WARN_EMPTY_BODY = YES;
				CLANG_WARN_ENUM_CONVERSION = YES;
				CLANG_WARN_INT_CONVERSION = YES;
				CLANG_WARN_OBJC_ROOT_CLASS = YES_ERROR;
				CLANG_WARN_UNREACHABLE_CODE = YES;
				CLANG_WARN__DUPLICATE_METHOD_MATCH = YES;
				"CODE_SIGN_IDENTITY[sdk=iphoneos*]" = "iPhone Developer";
				COPY_PHASE_STRIP = YES;
				ENABLE_NS_ASSERTIONS = NO;
				ENABLE_STRICT_OBJC_MSGSEND = YES;
				GCC_C_LANGUAGE_STANDARD = gnu99;
				GCC_WARN_64_TO_32_BIT_CONVERSION = YES;
				GCC_WARN_ABOUT_RETURN_TYPE = YES_ERROR;
				GCC_WARN_UNDECLARED_SELECTOR = YES;
				GCC_WARN_UNINITIALIZED_AUTOS = YES_AGGRESSIVE;
				GCC_WARN_UNUSED_FUNCTION = YES;
				GCC_WARN_UNUSED_VARIABLE = YES;
				IPHONEOS_DEPLOYMENT_TARGET = 8.1;
				MTL_ENABLE_DEBUG_INFO = NO;
				SDKROOT = iphoneos;
				TARGETED_DEVICE_FAMILY = "1,2";
				VALIDATE_PRODUCT = YES;
			};
			name = Release;
		};
		EA5E68831A0223280004CCEC /* Debug */ = {
			isa = XCBuildConfiguration;
			baseConfigurationReference = B9E4FFE26562DD3D6BA60B4E /* Pods.debug.xcconfig */;
			buildSettings = {
				ASSETCATALOG_COMPILER_APPICON_NAME = AppIcon;
				INFOPLIST_FILE = "Top Places - Swift/Info.plist";
				IPHONEOS_DEPLOYMENT_TARGET = 8.0;
				LD_RUNPATH_SEARCH_PATHS = "$(inherited) @executable_path/Frameworks";
				PRODUCT_NAME = "$(TARGET_NAME)";
			};
			name = Debug;
		};
		EA5E68841A0223280004CCEC /* Release */ = {
			isa = XCBuildConfiguration;
			baseConfigurationReference = 43EB9A8E5F66CC4E7BFFE2D8 /* Pods.release.xcconfig */;
			buildSettings = {
				ASSETCATALOG_COMPILER_APPICON_NAME = AppIcon;
				INFOPLIST_FILE = "Top Places - Swift/Info.plist";
				IPHONEOS_DEPLOYMENT_TARGET = 8.0;
				LD_RUNPATH_SEARCH_PATHS = "$(inherited) @executable_path/Frameworks";
				PRODUCT_NAME = "$(TARGET_NAME)";
			};
			name = Release;
		};
		EA5E68861A0223280004CCEC /* Debug */ = {
			isa = XCBuildConfiguration;
			baseConfigurationReference = B9E4FFE26562DD3D6BA60B4E /* Pods.debug.xcconfig */;
			buildSettings = {
				BUNDLE_LOADER = "$(TEST_HOST)";
				CLANG_ENABLE_MODULES = YES;
				FRAMEWORK_SEARCH_PATHS = (
					"$(SDKROOT)/Developer/Library/Frameworks",
					"$(inherited)",
				);
				GCC_GENERATE_TEST_COVERAGE_FILES = NO;
				GCC_INSTRUMENT_PROGRAM_FLOW_ARCS = NO;
				GCC_PREPROCESSOR_DEFINITIONS = (
					"DEBUG=1",
					"$(inherited)",
				);
				INFOPLIST_FILE = "Top Places - SwiftTests/Info.plist";
				LD_RUNPATH_SEARCH_PATHS = "$(inherited) @executable_path/Frameworks @loader_path/Frameworks";
				PRODUCT_NAME = "$(TARGET_NAME)";
				SWIFT_OBJC_BRIDGING_HEADER = "Top Places - SwiftTests/Top Places - SwiftTests-Bridging-Header.h";
				SWIFT_OPTIMIZATION_LEVEL = "-Onone";
				TEST_HOST = "$(BUILT_PRODUCTS_DIR)/Top Places - Swift.app/Top Places - Swift";
			};
			name = Debug;
		};
		EA5E68871A0223280004CCEC /* Release */ = {
			isa = XCBuildConfiguration;
			baseConfigurationReference = 43EB9A8E5F66CC4E7BFFE2D8 /* Pods.release.xcconfig */;
			buildSettings = {
				BUNDLE_LOADER = "$(TEST_HOST)";
				CLANG_ENABLE_MODULES = YES;
				FRAMEWORK_SEARCH_PATHS = (
					"$(SDKROOT)/Developer/Library/Frameworks",
					"$(inherited)",
				);
				GCC_GENERATE_TEST_COVERAGE_FILES = NO;
				GCC_INSTRUMENT_PROGRAM_FLOW_ARCS = NO;
				INFOPLIST_FILE = "Top Places - SwiftTests/Info.plist";
				LD_RUNPATH_SEARCH_PATHS = "$(inherited) @executable_path/Frameworks @loader_path/Frameworks";
				PRODUCT_NAME = "$(TARGET_NAME)";
				SWIFT_OBJC_BRIDGING_HEADER = "Top Places - SwiftTests/Top Places - SwiftTests-Bridging-Header.h";
				TEST_HOST = "$(BUILT_PRODUCTS_DIR)/Top Places - Swift.app/Top Places - Swift";
			};
			name = Release;
		};
		EAD807B21A02DCF000D82A3C /* Debug */ = {
			isa = XCBuildConfiguration;
			baseConfigurationReference = B9E4FFE26562DD3D6BA60B4E /* Pods.debug.xcconfig */;
			buildSettings = {
				BUNDLE_LOADER = "$(TEST_HOST)";
				CLANG_ENABLE_MODULES = YES;
				FRAMEWORK_SEARCH_PATHS = (
					"$(SDKROOT)/Developer/Library/Frameworks",
					"$(inherited)",
				);
				GCC_PREPROCESSOR_DEFINITIONS = (
					"DEBUG=1",
					"$(inherited)",
				);
				INFOPLIST_FILE = "Top Places - Async Tests/Info.plist";
				LD_RUNPATH_SEARCH_PATHS = "$(inherited) @executable_path/Frameworks @loader_path/Frameworks";
				PRODUCT_NAME = "$(TARGET_NAME)";
				SWIFT_OPTIMIZATION_LEVEL = "-Onone";
				TEST_HOST = "$(BUILT_PRODUCTS_DIR)/Top Places - Swift.app/Top Places - Swift";
			};
			name = Debug;
		};
		EAD807B31A02DCF000D82A3C /* Release */ = {
			isa = XCBuildConfiguration;
			baseConfigurationReference = 43EB9A8E5F66CC4E7BFFE2D8 /* Pods.release.xcconfig */;
			buildSettings = {
				BUNDLE_LOADER = "$(TEST_HOST)";
				CLANG_ENABLE_MODULES = YES;
				FRAMEWORK_SEARCH_PATHS = (
					"$(SDKROOT)/Developer/Library/Frameworks",
					"$(inherited)",
				);
				INFOPLIST_FILE = "Top Places - Async Tests/Info.plist";
				LD_RUNPATH_SEARCH_PATHS = "$(inherited) @executable_path/Frameworks @loader_path/Frameworks";
				PRODUCT_NAME = "$(TARGET_NAME)";
				TEST_HOST = "$(BUILT_PRODUCTS_DIR)/Top Places - Swift.app/Top Places - Swift";
			};
			name = Release;
		};
/* End XCBuildConfiguration section */

/* Begin XCConfigurationList section */
		EA5E685E1A0223270004CCEC /* Build configuration list for PBXProject "Top Places - Swift" */ = {
			isa = XCConfigurationList;
			buildConfigurations = (
				EA5E68801A0223280004CCEC /* Debug */,
				EA5E68811A0223280004CCEC /* Release */,
			);
			defaultConfigurationIsVisible = 0;
			defaultConfigurationName = Release;
		};
		EA5E68821A0223280004CCEC /* Build configuration list for PBXNativeTarget "Top Places - Swift" */ = {
			isa = XCConfigurationList;
			buildConfigurations = (
				EA5E68831A0223280004CCEC /* Debug */,
				EA5E68841A0223280004CCEC /* Release */,
			);
			defaultConfigurationIsVisible = 0;
			defaultConfigurationName = Release;
		};
		EA5E68851A0223280004CCEC /* Build configuration list for PBXNativeTarget "Top Places - Unit Tests" */ = {
			isa = XCConfigurationList;
			buildConfigurations = (
				EA5E68861A0223280004CCEC /* Debug */,
				EA5E68871A0223280004CCEC /* Release */,
			);
			defaultConfigurationIsVisible = 0;
			defaultConfigurationName = Release;
		};
		EAD807B11A02DCF000D82A3C /* Build configuration list for PBXNativeTarget "Top Places - Integration Tests" */ = {
			isa = XCConfigurationList;
			buildConfigurations = (
				EAD807B21A02DCF000D82A3C /* Debug */,
				EAD807B31A02DCF000D82A3C /* Release */,
			);
			defaultConfigurationIsVisible = 0;
			defaultConfigurationName = Release;
		};
/* End XCConfigurationList section */
	};
	rootObject = EA5E685B1A0223270004CCEC /* Project object */;
}
