// !$*UTF8*$!
{
	archiveVersion = 1;
	classes = {
	};
	objectVersion = 46;
	objects = {

/* Begin PBXBuildFile section */
		B3DA1F6D374D50B7D538252E /* libPods.a in Frameworks */ = {isa = PBXBuildFile; fileRef = 07D1DFB2FF8E0D0792BF0310 /* libPods.a */; };
		EA23BEE51A23B6E9003F9E87 /* WebService.swift in Sources */ = {isa = PBXBuildFile; fileRef = EA23BEE41A23B6E9003F9E87 /* WebService.swift */; };
		EA23BEE61A23B6E9003F9E87 /* WebService.swift in Sources */ = {isa = PBXBuildFile; fileRef = EA23BEE41A23B6E9003F9E87 /* WebService.swift */; };
		EA23BEE71A23B6E9003F9E87 /* WebService.swift in Sources */ = {isa = PBXBuildFile; fileRef = EA23BEE41A23B6E9003F9E87 /* WebService.swift */; };
		EA23BEE91A23B6FA003F9E87 /* DictionaryUtils.swift in Sources */ = {isa = PBXBuildFile; fileRef = EA23BEE81A23B6FA003F9E87 /* DictionaryUtils.swift */; };
		EA23BEEA1A23B6FA003F9E87 /* DictionaryUtils.swift in Sources */ = {isa = PBXBuildFile; fileRef = EA23BEE81A23B6FA003F9E87 /* DictionaryUtils.swift */; };
		EA23BEEB1A23B6FA003F9E87 /* DictionaryUtils.swift in Sources */ = {isa = PBXBuildFile; fileRef = EA23BEE81A23B6FA003F9E87 /* DictionaryUtils.swift */; };
		EA23BEEC1A23B8E8003F9E87 /* IService.swift in Sources */ = {isa = PBXBuildFile; fileRef = EA5ACF151A234FDF002625F2 /* IService.swift */; };
		EA23BEED1A23B8F1003F9E87 /* Result.swift in Sources */ = {isa = PBXBuildFile; fileRef = EA5ACF121A2349F2002625F2 /* Result.swift */; };
		EA23BEF41A23B91D003F9E87 /* WebServiceTests.swift in Sources */ = {isa = PBXBuildFile; fileRef = EA23BEEF1A23B91D003F9E87 /* WebServiceTests.swift */; };
		EA23BEF71A23BA0A003F9E87 /* FetchTopPlacesTests.swift in Sources */ = {isa = PBXBuildFile; fileRef = EA23BEF61A23BA0A003F9E87 /* FetchTopPlacesTests.swift */; };
		EA3904D21A095C940052BE40 /* FlickrImageService.swift in Sources */ = {isa = PBXBuildFile; fileRef = EA3904D11A095C940052BE40 /* FlickrImageService.swift */; };
		EA5ACF0E1A234480002625F2 /* FetchTopPlaces.swift in Sources */ = {isa = PBXBuildFile; fileRef = EA5ACF0D1A234480002625F2 /* FetchTopPlaces.swift */; };
		EA5ACF111A2349B1002625F2 /* FetchTopPlaces.swift in Sources */ = {isa = PBXBuildFile; fileRef = EA5ACF0D1A234480002625F2 /* FetchTopPlaces.swift */; };
		EA5ACF131A2349F2002625F2 /* Result.swift in Sources */ = {isa = PBXBuildFile; fileRef = EA5ACF121A2349F2002625F2 /* Result.swift */; };
		EA5ACF141A2349F2002625F2 /* Result.swift in Sources */ = {isa = PBXBuildFile; fileRef = EA5ACF121A2349F2002625F2 /* Result.swift */; };
		EA5ACF161A234FDF002625F2 /* IService.swift in Sources */ = {isa = PBXBuildFile; fileRef = EA5ACF151A234FDF002625F2 /* IService.swift */; };
		EA5ACF171A234FDF002625F2 /* IService.swift in Sources */ = {isa = PBXBuildFile; fileRef = EA5ACF151A234FDF002625F2 /* IService.swift */; };
		EA5ACF191A235443002625F2 /* FlickrJSONInitializers.swift in Sources */ = {isa = PBXBuildFile; fileRef = EA5ACF181A235443002625F2 /* FlickrJSONInitializers.swift */; };
		EA5ACF1A1A235443002625F2 /* FlickrJSONInitializers.swift in Sources */ = {isa = PBXBuildFile; fileRef = EA5ACF181A235443002625F2 /* FlickrJSONInitializers.swift */; };
		EA5ACF1C1A23644F002625F2 /* FlickrPlaceTests.swift in Sources */ = {isa = PBXBuildFile; fileRef = EA5ACF1B1A23644F002625F2 /* FlickrPlaceTests.swift */; };
		EA5ACF1D1A236A0F002625F2 /* FlickrJSONInitializers.swift in Sources */ = {isa = PBXBuildFile; fileRef = EA5ACF181A235443002625F2 /* FlickrJSONInitializers.swift */; };
		EA5ACF201A236E9D002625F2 /* Factory.swift in Sources */ = {isa = PBXBuildFile; fileRef = EA5ACF1F1A236E9D002625F2 /* Factory.swift */; };
		EA5ACF211A236E9D002625F2 /* Factory.swift in Sources */ = {isa = PBXBuildFile; fileRef = EA5ACF1F1A236E9D002625F2 /* Factory.swift */; };
		EA5E68691A0223280004CCEC /* AppDelegate.swift in Sources */ = {isa = PBXBuildFile; fileRef = EA5E68681A0223280004CCEC /* AppDelegate.swift */; };
		EA5E686E1A0223280004CCEC /* Main.storyboard in Resources */ = {isa = PBXBuildFile; fileRef = EA5E686C1A0223280004CCEC /* Main.storyboard */; };
		EA5E68701A0223280004CCEC /* Images.xcassets in Resources */ = {isa = PBXBuildFile; fileRef = EA5E686F1A0223280004CCEC /* Images.xcassets */; };
		EA5E68731A0223280004CCEC /* LaunchScreen.xib in Resources */ = {isa = PBXBuildFile; fileRef = EA5E68711A0223280004CCEC /* LaunchScreen.xib */; };
		EA5E68891A0226C90004CCEC /* TopPlacesTableViewController.swift in Sources */ = {isa = PBXBuildFile; fileRef = EA5E68881A0226C90004CCEC /* TopPlacesTableViewController.swift */; };
		EA7833771A022B7A00028F5F /* FlickrService.swift in Sources */ = {isa = PBXBuildFile; fileRef = EA7833761A022B7A00028F5F /* FlickrService.swift */; };
		EA7833781A02368400028F5F /* FlickrService.swift in Sources */ = {isa = PBXBuildFile; fileRef = EA7833761A022B7A00028F5F /* FlickrService.swift */; };
		EA78337D1A02534D00028F5F /* FlickrApp.swift in Sources */ = {isa = PBXBuildFile; fileRef = EA78337C1A02534D00028F5F /* FlickrApp.swift */; };
		EA78337E1A02535F00028F5F /* FlickrApp.swift in Sources */ = {isa = PBXBuildFile; fileRef = EA78337C1A02534D00028F5F /* FlickrApp.swift */; };
		EA7833811A025B9D00028F5F /* FlickrAppNetworkAdapterTests.swift in Sources */ = {isa = PBXBuildFile; fileRef = EA7833801A025B9D00028F5F /* FlickrAppNetworkAdapterTests.swift */; };
		EA7833851A02B1A200028F5F /* FlickrTopPlacesNetworkAdapter.swift in Sources */ = {isa = PBXBuildFile; fileRef = EA7833841A02B1A200028F5F /* FlickrTopPlacesNetworkAdapter.swift */; };
		EA7833861A02B30E00028F5F /* FlickrTopPlacesNetworkAdapter.swift in Sources */ = {isa = PBXBuildFile; fileRef = EA7833841A02B1A200028F5F /* FlickrTopPlacesNetworkAdapter.swift */; };
		EA7F0DBE1A03FCC100613D80 /* UIStoryboardInjector.swift in Sources */ = {isa = PBXBuildFile; fileRef = EA7F0DBD1A03FCC100613D80 /* UIStoryboardInjector.swift */; };
		EA7F0DC31A091CFC00613D80 /* PhotosViewController.swift in Sources */ = {isa = PBXBuildFile; fileRef = EA7F0DC21A091CFC00613D80 /* PhotosViewController.swift */; };
		EA7F0DC71A091F8300613D80 /* FlickrPhotosViewModel.swift in Sources */ = {isa = PBXBuildFile; fileRef = EA7F0DC51A091F8300613D80 /* FlickrPhotosViewModel.swift */; };
		EA7F0DC91A091FFA00613D80 /* FlickrPhotosViewModelTests.swift in Sources */ = {isa = PBXBuildFile; fileRef = EA7F0DC81A091FF900613D80 /* FlickrPhotosViewModelTests.swift */; };
		EA7F0DCA1A0925BB00613D80 /* FlickrPhotosViewModel.swift in Sources */ = {isa = PBXBuildFile; fileRef = EA7F0DC51A091F8300613D80 /* FlickrPhotosViewModel.swift */; };
		EA7F0DCC1A09428600613D80 /* ImageViewController.swift in Sources */ = {isa = PBXBuildFile; fileRef = EA7F0DCB1A09428600613D80 /* ImageViewController.swift */; };
		EAD5DA3B1A0975C5007D3718 /* ImageScrollView.swift in Sources */ = {isa = PBXBuildFile; fileRef = EAD5DA3A1A0975C5007D3718 /* ImageScrollView.swift */; };
		EAD5DA6D1A0AB4C8007D3718 /* FlickrSplitViewControllerDelegate.swift in Sources */ = {isa = PBXBuildFile; fileRef = EAD5DA6C1A0AB4C8007D3718 /* FlickrSplitViewControllerDelegate.swift */; };
		EAD8078D1A02C06C00D82A3C /* FlickrAppTests.swift in Sources */ = {isa = PBXBuildFile; fileRef = EAD8078C1A02C06C00D82A3C /* FlickrAppTests.swift */; };
		EAD8078F1A02C42400D82A3C /* FlickrTopPlacesViewModel.swift in Sources */ = {isa = PBXBuildFile; fileRef = EAD8078E1A02C42400D82A3C /* FlickrTopPlacesViewModel.swift */; };
		EAD807911A02C78800D82A3C /* FlickrTopPlacesViewModelTests.swift in Sources */ = {isa = PBXBuildFile; fileRef = EAD807901A02C78800D82A3C /* FlickrTopPlacesViewModelTests.swift */; };
		EAD807921A02C7AA00D82A3C /* FlickrTopPlacesViewModel.swift in Sources */ = {isa = PBXBuildFile; fileRef = EAD8078E1A02C42400D82A3C /* FlickrTopPlacesViewModel.swift */; };
		EAD807B61A02DD1300D82A3C /* FlickrServiceTests.swift in Sources */ = {isa = PBXBuildFile; fileRef = EAD807B51A02DD1300D82A3C /* FlickrServiceTests.swift */; };
		EAD807B71A02DD4A00D82A3C /* FlickrService.swift in Sources */ = {isa = PBXBuildFile; fileRef = EA7833761A022B7A00028F5F /* FlickrService.swift */; };
		EAD807B81A02DDB400D82A3C /* FlickrTopPlacesNetworkAdapter.swift in Sources */ = {isa = PBXBuildFile; fileRef = EA7833841A02B1A200028F5F /* FlickrTopPlacesNetworkAdapter.swift */; };
		EAD807B91A02DDFC00D82A3C /* FlickrApp.swift in Sources */ = {isa = PBXBuildFile; fileRef = EA78337C1A02534D00028F5F /* FlickrApp.swift */; };
		EAD807BB1A03A7DC00D82A3C /* AppBuilder.swift in Sources */ = {isa = PBXBuildFile; fileRef = EAD807BA1A03A7DC00D82A3C /* AppBuilder.swift */; };
		EAD9BFE01A0B7E260067F75C /* FlickrSelectedPhotosHistory.swift in Sources */ = {isa = PBXBuildFile; fileRef = EAD9BFDF1A0B7E260067F75C /* FlickrSelectedPhotosHistory.swift */; };
		EAD9BFE11A0B7E260067F75C /* FlickrSelectedPhotosHistory.swift in Sources */ = {isa = PBXBuildFile; fileRef = EAD9BFDF1A0B7E260067F75C /* FlickrSelectedPhotosHistory.swift */; };
		EAD9BFE31A0B7E380067F75C /* FlickrSelectedPhotosHistoryTests.swift in Sources */ = {isa = PBXBuildFile; fileRef = EAD9BFE21A0B7E380067F75C /* FlickrSelectedPhotosHistoryTests.swift */; };
		EAF743781A0BA755005F7452 /* HistoryTableViewController.swift in Sources */ = {isa = PBXBuildFile; fileRef = EAF743771A0BA755005F7452 /* HistoryTableViewController.swift */; };
		EAF7437A1A0BAE93005F7452 /* FlickrSelectedPhotosHistoryViewModel.swift in Sources */ = {isa = PBXBuildFile; fileRef = EAF743791A0BAE93005F7452 /* FlickrSelectedPhotosHistoryViewModel.swift */; };
		EAF7437C1A0BB053005F7452 /* FlickrSelectedPhotosHistoryViewModelTests.swift in Sources */ = {isa = PBXBuildFile; fileRef = EAF7437B1A0BB053005F7452 /* FlickrSelectedPhotosHistoryViewModelTests.swift */; };
		EAF7437D1A0BB28D005F7452 /* FlickrSelectedPhotosHistoryViewModel.swift in Sources */ = {isa = PBXBuildFile; fileRef = EAF743791A0BAE93005F7452 /* FlickrSelectedPhotosHistoryViewModel.swift */; };
/* End PBXBuildFile section */

/* Begin PBXContainerItemProxy section */
		EA5E68791A0223280004CCEC /* PBXContainerItemProxy */ = {
			isa = PBXContainerItemProxy;
			containerPortal = EA5E685B1A0223270004CCEC /* Project object */;
			proxyType = 1;
			remoteGlobalIDString = EA5E68621A0223270004CCEC;
			remoteInfo = "Top Places - Swift";
		};
		EAD807AF1A02DCF000D82A3C /* PBXContainerItemProxy */ = {
			isa = PBXContainerItemProxy;
			containerPortal = EA5E685B1A0223270004CCEC /* Project object */;
			proxyType = 1;
			remoteGlobalIDString = EA5E68621A0223270004CCEC;
			remoteInfo = "Top Places - Swift";
		};
/* End PBXContainerItemProxy section */

/* Begin PBXFileReference section */
		07D1DFB2FF8E0D0792BF0310 /* libPods.a */ = {isa = PBXFileReference; explicitFileType = archive.ar; includeInIndex = 0; path = libPods.a; sourceTree = BUILT_PRODUCTS_DIR; };
		43EB9A8E5F66CC4E7BFFE2D8 /* Pods.release.xcconfig */ = {isa = PBXFileReference; includeInIndex = 1; lastKnownFileType = text.xcconfig; name = Pods.release.xcconfig; path = "Pods/Target Support Files/Pods/Pods.release.xcconfig"; sourceTree = "<group>"; };
		B9E4FFE26562DD3D6BA60B4E /* Pods.debug.xcconfig */ = {isa = PBXFileReference; includeInIndex = 1; lastKnownFileType = text.xcconfig; name = Pods.debug.xcconfig; path = "Pods/Target Support Files/Pods/Pods.debug.xcconfig"; sourceTree = "<group>"; };
		EA23BEE41A23B6E9003F9E87 /* WebService.swift */ = {isa = PBXFileReference; fileEncoding = 4; lastKnownFileType = sourcecode.swift; path = WebService.swift; sourceTree = "<group>"; };
		EA23BEE81A23B6FA003F9E87 /* DictionaryUtils.swift */ = {isa = PBXFileReference; fileEncoding = 4; lastKnownFileType = sourcecode.swift; path = DictionaryUtils.swift; sourceTree = "<group>"; };
		EA23BEEF1A23B91D003F9E87 /* WebServiceTests.swift */ = {isa = PBXFileReference; fileEncoding = 4; lastKnownFileType = sourcecode.swift; path = WebServiceTests.swift; sourceTree = "<group>"; };
		EA23BEF61A23BA0A003F9E87 /* FetchTopPlacesTests.swift */ = {isa = PBXFileReference; fileEncoding = 4; lastKnownFileType = sourcecode.swift; path = FetchTopPlacesTests.swift; sourceTree = "<group>"; };
		EA23BF321A23C081003F9E87 /* Top Places - SwiftTests-Bridging-Header.h */ = {isa = PBXFileReference; lastKnownFileType = sourcecode.c.h; path = "Top Places - SwiftTests-Bridging-Header.h"; sourceTree = "<group>"; };
		EA3904D11A095C940052BE40 /* FlickrImageService.swift */ = {isa = PBXFileReference; fileEncoding = 4; lastKnownFileType = sourcecode.swift; name = FlickrImageService.swift; path = Flickr/FlickrImageService.swift; sourceTree = "<group>"; };
		EA5ACF0D1A234480002625F2 /* FetchTopPlaces.swift */ = {isa = PBXFileReference; fileEncoding = 4; lastKnownFileType = sourcecode.swift; name = FetchTopPlaces.swift; path = Flickr/FetchTopPlaces.swift; sourceTree = "<group>"; };
		EA5ACF121A2349F2002625F2 /* Result.swift */ = {isa = PBXFileReference; fileEncoding = 4; lastKnownFileType = sourcecode.swift; path = Result.swift; sourceTree = "<group>"; };
		EA5ACF151A234FDF002625F2 /* IService.swift */ = {isa = PBXFileReference; fileEncoding = 4; lastKnownFileType = sourcecode.swift; name = IService.swift; path = Flickr/IService.swift; sourceTree = "<group>"; };
		EA5ACF181A235443002625F2 /* FlickrJSONInitializers.swift */ = {isa = PBXFileReference; fileEncoding = 4; lastKnownFileType = sourcecode.swift; name = FlickrJSONInitializers.swift; path = Flickr/FlickrJSONInitializers.swift; sourceTree = "<group>"; };
		EA5ACF1B1A23644F002625F2 /* FlickrPlaceTests.swift */ = {isa = PBXFileReference; fileEncoding = 4; lastKnownFileType = sourcecode.swift; path = FlickrPlaceTests.swift; sourceTree = "<group>"; };
		EA5ACF1F1A236E9D002625F2 /* Factory.swift */ = {isa = PBXFileReference; fileEncoding = 4; lastKnownFileType = sourcecode.swift; path = Factory.swift; sourceTree = "<group>"; };
		EA5E68631A0223270004CCEC /* Top Places - Swift.app */ = {isa = PBXFileReference; explicitFileType = wrapper.application; includeInIndex = 0; path = "Top Places - Swift.app"; sourceTree = BUILT_PRODUCTS_DIR; };
		EA5E68671A0223280004CCEC /* Info.plist */ = {isa = PBXFileReference; lastKnownFileType = text.plist.xml; path = Info.plist; sourceTree = "<group>"; };
		EA5E68681A0223280004CCEC /* AppDelegate.swift */ = {isa = PBXFileReference; lastKnownFileType = sourcecode.swift; path = AppDelegate.swift; sourceTree = "<group>"; };
		EA5E686D1A0223280004CCEC /* Base */ = {isa = PBXFileReference; lastKnownFileType = file.storyboard; name = Base; path = Base.lproj/Main.storyboard; sourceTree = "<group>"; };
		EA5E686F1A0223280004CCEC /* Images.xcassets */ = {isa = PBXFileReference; lastKnownFileType = folder.assetcatalog; path = Images.xcassets; sourceTree = "<group>"; };
		EA5E68721A0223280004CCEC /* Base */ = {isa = PBXFileReference; lastKnownFileType = file.xib; name = Base; path = Base.lproj/LaunchScreen.xib; sourceTree = "<group>"; };
		EA5E68781A0223280004CCEC /* Top Places - SwiftTests.xctest */ = {isa = PBXFileReference; explicitFileType = wrapper.cfbundle; includeInIndex = 0; path = "Top Places - SwiftTests.xctest"; sourceTree = BUILT_PRODUCTS_DIR; };
		EA5E687D1A0223280004CCEC /* Info.plist */ = {isa = PBXFileReference; lastKnownFileType = text.plist.xml; path = Info.plist; sourceTree = "<group>"; };
		EA5E68881A0226C90004CCEC /* TopPlacesTableViewController.swift */ = {isa = PBXFileReference; fileEncoding = 4; lastKnownFileType = sourcecode.swift; lineEnding = 0; name = TopPlacesTableViewController.swift; path = UI/TopPlacesTableViewController.swift; sourceTree = "<group>"; xcLanguageSpecificationIdentifier = xcode.lang.swift; };
		EA7833761A022B7A00028F5F /* FlickrService.swift */ = {isa = PBXFileReference; fileEncoding = 4; lastKnownFileType = sourcecode.swift; lineEnding = 0; name = FlickrService.swift; path = Flickr/FlickrService.swift; sourceTree = "<group>"; xcLanguageSpecificationIdentifier = xcode.lang.swift; };
		EA78337C1A02534D00028F5F /* FlickrApp.swift */ = {isa = PBXFileReference; fileEncoding = 4; lastKnownFileType = sourcecode.swift; lineEnding = 0; name = FlickrApp.swift; path = Flickr/FlickrApp.swift; sourceTree = "<group>"; xcLanguageSpecificationIdentifier = xcode.lang.swift; };
		EA78337F1A0253FD00028F5F /* test.playground */ = {isa = PBXFileReference; lastKnownFileType = file.playground; path = test.playground; sourceTree = "<group>"; };
		EA7833801A025B9D00028F5F /* FlickrAppNetworkAdapterTests.swift */ = {isa = PBXFileReference; fileEncoding = 4; lastKnownFileType = sourcecode.swift; lineEnding = 0; path = FlickrAppNetworkAdapterTests.swift; sourceTree = "<group>"; xcLanguageSpecificationIdentifier = xcode.lang.swift; };
		EA7833841A02B1A200028F5F /* FlickrTopPlacesNetworkAdapter.swift */ = {isa = PBXFileReference; fileEncoding = 4; lastKnownFileType = sourcecode.swift; lineEnding = 0; name = FlickrTopPlacesNetworkAdapter.swift; path = Flickr/FlickrTopPlacesNetworkAdapter.swift; sourceTree = "<group>"; };
		EA7F0DBD1A03FCC100613D80 /* UIStoryboardInjector.swift */ = {isa = PBXFileReference; fileEncoding = 4; lastKnownFileType = sourcecode.swift; name = UIStoryboardInjector.swift; path = UI/UIStoryboardInjector.swift; sourceTree = "<group>"; };
		EA7F0DC21A091CFC00613D80 /* PhotosViewController.swift */ = {isa = PBXFileReference; fileEncoding = 4; lastKnownFileType = sourcecode.swift; name = PhotosViewController.swift; path = UI/PhotosViewController.swift; sourceTree = "<group>"; };
		EA7F0DC51A091F8300613D80 /* FlickrPhotosViewModel.swift */ = {isa = PBXFileReference; fileEncoding = 4; lastKnownFileType = sourcecode.swift; name = FlickrPhotosViewModel.swift; path = Flickr/FlickrPhotosViewModel.swift; sourceTree = "<group>"; };
		EA7F0DC81A091FF900613D80 /* FlickrPhotosViewModelTests.swift */ = {isa = PBXFileReference; fileEncoding = 4; lastKnownFileType = sourcecode.swift; path = FlickrPhotosViewModelTests.swift; sourceTree = "<group>"; };
		EA7F0DCB1A09428600613D80 /* ImageViewController.swift */ = {isa = PBXFileReference; fileEncoding = 4; lastKnownFileType = sourcecode.swift; name = ImageViewController.swift; path = UI/ImageViewController.swift; sourceTree = "<group>"; };
		EAD5DA3A1A0975C5007D3718 /* ImageScrollView.swift */ = {isa = PBXFileReference; fileEncoding = 4; lastKnownFileType = sourcecode.swift; name = ImageScrollView.swift; path = UI/ImageScrollView.swift; sourceTree = "<group>"; };
		EAD5DA6C1A0AB4C8007D3718 /* FlickrSplitViewControllerDelegate.swift */ = {isa = PBXFileReference; fileEncoding = 4; lastKnownFileType = sourcecode.swift; name = FlickrSplitViewControllerDelegate.swift; path = UI/FlickrSplitViewControllerDelegate.swift; sourceTree = "<group>"; };
		EAD8078C1A02C06C00D82A3C /* FlickrAppTests.swift */ = {isa = PBXFileReference; fileEncoding = 4; lastKnownFileType = sourcecode.swift; lineEnding = 0; path = FlickrAppTests.swift; sourceTree = "<group>"; xcLanguageSpecificationIdentifier = xcode.lang.swift; };
		EAD8078E1A02C42400D82A3C /* FlickrTopPlacesViewModel.swift */ = {isa = PBXFileReference; fileEncoding = 4; lastKnownFileType = sourcecode.swift; lineEnding = 0; name = FlickrTopPlacesViewModel.swift; path = Flickr/FlickrTopPlacesViewModel.swift; sourceTree = "<group>"; xcLanguageSpecificationIdentifier = xcode.lang.swift; };
		EAD807901A02C78800D82A3C /* FlickrTopPlacesViewModelTests.swift */ = {isa = PBXFileReference; fileEncoding = 4; lastKnownFileType = sourcecode.swift; lineEnding = 0; path = FlickrTopPlacesViewModelTests.swift; sourceTree = "<group>"; xcLanguageSpecificationIdentifier = xcode.lang.swift; };
		EAD807A91A02DCF000D82A3C /* Top Places - Async Tests.xctest */ = {isa = PBXFileReference; explicitFileType = wrapper.cfbundle; includeInIndex = 0; path = "Top Places - Async Tests.xctest"; sourceTree = BUILT_PRODUCTS_DIR; };
		EAD807AC1A02DCF000D82A3C /* Info.plist */ = {isa = PBXFileReference; lastKnownFileType = text.plist.xml; path = Info.plist; sourceTree = "<group>"; };
		EAD807B41A02DD1300D82A3C /* Top Places - Async Tests-Bridging-Header.h */ = {isa = PBXFileReference; lastKnownFileType = sourcecode.c.h; path = "Top Places - Async Tests-Bridging-Header.h"; sourceTree = "<group>"; };
		EAD807B51A02DD1300D82A3C /* FlickrServiceTests.swift */ = {isa = PBXFileReference; fileEncoding = 4; lastKnownFileType = sourcecode.swift; lineEnding = 0; path = FlickrServiceTests.swift; sourceTree = "<group>"; xcLanguageSpecificationIdentifier = xcode.lang.swift; };
		EAD807BA1A03A7DC00D82A3C /* AppBuilder.swift */ = {isa = PBXFileReference; fileEncoding = 4; lastKnownFileType = sourcecode.swift; name = AppBuilder.swift; path = Flickr/AppBuilder.swift; sourceTree = "<group>"; };
		EAD9BFDF1A0B7E260067F75C /* FlickrSelectedPhotosHistory.swift */ = {isa = PBXFileReference; fileEncoding = 4; lastKnownFileType = sourcecode.swift; name = FlickrSelectedPhotosHistory.swift; path = Flickr/FlickrSelectedPhotosHistory.swift; sourceTree = "<group>"; };
		EAD9BFE21A0B7E380067F75C /* FlickrSelectedPhotosHistoryTests.swift */ = {isa = PBXFileReference; fileEncoding = 4; lastKnownFileType = sourcecode.swift; path = FlickrSelectedPhotosHistoryTests.swift; sourceTree = "<group>"; };
		EAF743771A0BA755005F7452 /* HistoryTableViewController.swift */ = {isa = PBXFileReference; fileEncoding = 4; lastKnownFileType = sourcecode.swift; name = HistoryTableViewController.swift; path = UI/HistoryTableViewController.swift; sourceTree = "<group>"; };
		EAF743791A0BAE93005F7452 /* FlickrSelectedPhotosHistoryViewModel.swift */ = {isa = PBXFileReference; fileEncoding = 4; lastKnownFileType = sourcecode.swift; name = FlickrSelectedPhotosHistoryViewModel.swift; path = Flickr/FlickrSelectedPhotosHistoryViewModel.swift; sourceTree = "<group>"; };
		EAF7437B1A0BB053005F7452 /* FlickrSelectedPhotosHistoryViewModelTests.swift */ = {isa = PBXFileReference; fileEncoding = 4; lastKnownFileType = sourcecode.swift; path = FlickrSelectedPhotosHistoryViewModelTests.swift; sourceTree = "<group>"; };
/* End PBXFileReference section */

/* Begin PBXFrameworksBuildPhase section */
		EA5E68601A0223270004CCEC /* Frameworks */ = {
			isa = PBXFrameworksBuildPhase;
			buildActionMask = 2147483647;
			files = (
				B3DA1F6D374D50B7D538252E /* libPods.a in Frameworks */,
			);
			runOnlyForDeploymentPostprocessing = 0;
		};
		EA5E68751A0223280004CCEC /* Frameworks */ = {
			isa = PBXFrameworksBuildPhase;
			buildActionMask = 2147483647;
			files = (
			);
			runOnlyForDeploymentPostprocessing = 0;
		};
		EAD807A61A02DCF000D82A3C /* Frameworks */ = {
			isa = PBXFrameworksBuildPhase;
			buildActionMask = 2147483647;
			files = (
			);
			runOnlyForDeploymentPostprocessing = 0;
		};
/* End PBXFrameworksBuildPhase section */

/* Begin PBXGroup section */
		49216D74BF17A606C1C81664 /* Pods */ = {
			isa = PBXGroup;
			children = (
				B9E4FFE26562DD3D6BA60B4E /* Pods.debug.xcconfig */,
				43EB9A8E5F66CC4E7BFFE2D8 /* Pods.release.xcconfig */,
			);
			name = Pods;
			sourceTree = "<group>";
		};
		EA5E685A1A0223270004CCEC = {
			isa = PBXGroup;
			children = (
				EA5E68651A0223270004CCEC /* Top Places - Swift */,
				EA5E687B1A0223280004CCEC /* Top Places - Unit Tests */,
				EAD807AA1A02DCF000D82A3C /* Top Places - Async Tests */,
				EA5E68641A0223270004CCEC /* Products */,
				49216D74BF17A606C1C81664 /* Pods */,
				F0B2318D703FF1D6194281C8 /* Frameworks */,
			);
			sourceTree = "<group>";
		};
		EA5E68641A0223270004CCEC /* Products */ = {
			isa = PBXGroup;
			children = (
				EA5E68631A0223270004CCEC /* Top Places - Swift.app */,
				EA5E68781A0223280004CCEC /* Top Places - SwiftTests.xctest */,
				EAD807A91A02DCF000D82A3C /* Top Places - Async Tests.xctest */,
			);
			name = Products;
			sourceTree = "<group>";
		};
		EA5E68651A0223270004CCEC /* Top Places - Swift */ = {
			isa = PBXGroup;
			children = (
				EAD807BA1A03A7DC00D82A3C /* AppBuilder.swift */,
				EA5E68681A0223280004CCEC /* AppDelegate.swift */,
				EA7833751A022B6700028F5F /* Flickr */,
				EA5E68661A0223270004CCEC /* Supporting Files */,
				EA5E688A1A0226D50004CCEC /* UI */,
				EA5ACF121A2349F2002625F2 /* Result.swift */,
				EA23BEE41A23B6E9003F9E87 /* WebService.swift */,
				EA23BEE81A23B6FA003F9E87 /* DictionaryUtils.swift */,
			);
			path = "Top Places - Swift";
			sourceTree = "<group>";
		};
		EA5E68661A0223270004CCEC /* Supporting Files */ = {
			isa = PBXGroup;
			children = (
				EA78337F1A0253FD00028F5F /* test.playground */,
				EA5E68671A0223280004CCEC /* Info.plist */,
			);
			name = "Supporting Files";
			sourceTree = "<group>";
		};
		EA5E687B1A0223280004CCEC /* Top Places - Unit Tests */ = {
			isa = PBXGroup;
			children = (
				EA5E687C1A0223280004CCEC /* Supporting Files */,
				EA7833801A025B9D00028F5F /* FlickrAppNetworkAdapterTests.swift */,
				EAD8078C1A02C06C00D82A3C /* FlickrAppTests.swift */,
				EAD807901A02C78800D82A3C /* FlickrTopPlacesViewModelTests.swift */,
				EA7F0DC81A091FF900613D80 /* FlickrPhotosViewModelTests.swift */,
				EAD9BFE21A0B7E380067F75C /* FlickrSelectedPhotosHistoryTests.swift */,
				EAF7437B1A0BB053005F7452 /* FlickrSelectedPhotosHistoryViewModelTests.swift */,
				EA5ACF1B1A23644F002625F2 /* FlickrPlaceTests.swift */,
				EA23BEF61A23BA0A003F9E87 /* FetchTopPlacesTests.swift */,
				EA23BEEF1A23B91D003F9E87 /* WebServiceTests.swift */,
				EA5ACF1F1A236E9D002625F2 /* Factory.swift */,
				EA23BF321A23C081003F9E87 /* Top Places - SwiftTests-Bridging-Header.h */,
			);
			name = "Top Places - Unit Tests";
			path = "Top Places - SwiftTests";
			sourceTree = "<group>";
		};
		EA5E687C1A0223280004CCEC /* Supporting Files */ = {
			isa = PBXGroup;
			children = (
				EA5E687D1A0223280004CCEC /* Info.plist */,
			);
			name = "Supporting Files";
			sourceTree = "<group>";
		};
		EA5E688A1A0226D50004CCEC /* UI */ = {
			isa = PBXGroup;
			children = (
				EAD5DA6C1A0AB4C8007D3718 /* FlickrSplitViewControllerDelegate.swift */,
				EAF743771A0BA755005F7452 /* HistoryTableViewController.swift */,
				EA5E686F1A0223280004CCEC /* Images.xcassets */,
				EAD5DA3A1A0975C5007D3718 /* ImageScrollView.swift */,
				EA7F0DCB1A09428600613D80 /* ImageViewController.swift */,
				EA5E68711A0223280004CCEC /* LaunchScreen.xib */,
				EA5E686C1A0223280004CCEC /* Main.storyboard */,
				EA7F0DC21A091CFC00613D80 /* PhotosViewController.swift */,
				EA5E68881A0226C90004CCEC /* TopPlacesTableViewController.swift */,
				EA7F0DBD1A03FCC100613D80 /* UIStoryboardInjector.swift */,
			);
			name = UI;
			sourceTree = "<group>";
		};
		EA7833751A022B6700028F5F /* Flickr */ = {
			isa = PBXGroup;
			children = (
				EA7833761A022B7A00028F5F /* FlickrService.swift */,
				EA78337C1A02534D00028F5F /* FlickrApp.swift */,
				EA7833841A02B1A200028F5F /* FlickrTopPlacesNetworkAdapter.swift */,
				EAD8078E1A02C42400D82A3C /* FlickrTopPlacesViewModel.swift */,
				EA7F0DC51A091F8300613D80 /* FlickrPhotosViewModel.swift */,
				EA3904D11A095C940052BE40 /* FlickrImageService.swift */,
				EAD9BFDF1A0B7E260067F75C /* FlickrSelectedPhotosHistory.swift */,
				EAF743791A0BAE93005F7452 /* FlickrSelectedPhotosHistoryViewModel.swift */,
				EA5ACF0D1A234480002625F2 /* FetchTopPlaces.swift */,
				EA5ACF151A234FDF002625F2 /* IService.swift */,
				EA5ACF181A235443002625F2 /* FlickrJSONInitializers.swift */,
			);
			name = Flickr;
			sourceTree = "<group>";
		};
		EAD807AA1A02DCF000D82A3C /* Top Places - Async Tests */ = {
			isa = PBXGroup;
			children = (
				EAD807AB1A02DCF000D82A3C /* Supporting Files */,
				EAD807B51A02DD1300D82A3C /* FlickrServiceTests.swift */,
				EAD807B41A02DD1300D82A3C /* Top Places - Async Tests-Bridging-Header.h */,
			);
			path = "Top Places - Async Tests";
			sourceTree = "<group>";
		};
		EAD807AB1A02DCF000D82A3C /* Supporting Files */ = {
			isa = PBXGroup;
			children = (
				EAD807AC1A02DCF000D82A3C /* Info.plist */,
			);
			name = "Supporting Files";
			sourceTree = "<group>";
		};
		F0B2318D703FF1D6194281C8 /* Frameworks */ = {
			isa = PBXGroup;
			children = (
				07D1DFB2FF8E0D0792BF0310 /* libPods.a */,
			);
			name = Frameworks;
			sourceTree = "<group>";
		};
/* End PBXGroup section */

/* Begin PBXNativeTarget section */
		EA5E68621A0223270004CCEC /* Top Places - Swift */ = {
			isa = PBXNativeTarget;
			buildConfigurationList = EA5E68821A0223280004CCEC /* Build configuration list for PBXNativeTarget "Top Places - Swift" */;
			buildPhases = (
				F150E52E82EBE0BEEF5F579A /* Check Pods Manifest.lock */,
				EA5E685F1A0223270004CCEC /* Sources */,
				EA5E68601A0223270004CCEC /* Frameworks */,
				EA5E68611A0223270004CCEC /* Resources */,
				C5D2EC4F72A6D43021F99B0E /* Copy Pods Resources */,
			);
			buildRules = (
			);
			dependencies = (
			);
			name = "Top Places - Swift";
			productName = "Top Places - Swift";
			productReference = EA5E68631A0223270004CCEC /* Top Places - Swift.app */;
			productType = "com.apple.product-type.application";
		};
		EA5E68771A0223280004CCEC /* Top Places - SwiftTests */ = {
			isa = PBXNativeTarget;
			buildConfigurationList = EA5E68851A0223280004CCEC /* Build configuration list for PBXNativeTarget "Top Places - SwiftTests" */;
			buildPhases = (
				EA5E68741A0223280004CCEC /* Sources */,
				EA5E68751A0223280004CCEC /* Frameworks */,
				EA5E68761A0223280004CCEC /* Resources */,
			);
			buildRules = (
			);
			dependencies = (
				EA5E687A1A0223280004CCEC /* PBXTargetDependency */,
			);
			name = "Top Places - SwiftTests";
			productName = "Top Places - SwiftTests";
			productReference = EA5E68781A0223280004CCEC /* Top Places - SwiftTests.xctest */;
			productType = "com.apple.product-type.bundle.unit-test";
		};
		EAD807A81A02DCF000D82A3C /* Top Places - Async Tests */ = {
			isa = PBXNativeTarget;
			buildConfigurationList = EAD807B11A02DCF000D82A3C /* Build configuration list for PBXNativeTarget "Top Places - Async Tests" */;
			buildPhases = (
				EAD807A51A02DCF000D82A3C /* Sources */,
				EAD807A61A02DCF000D82A3C /* Frameworks */,
				EAD807A71A02DCF000D82A3C /* Resources */,
			);
			buildRules = (
			);
			dependencies = (
				EAD807B01A02DCF000D82A3C /* PBXTargetDependency */,
			);
			name = "Top Places - Async Tests";
			productName = "Top Places - Async Tests";
			productReference = EAD807A91A02DCF000D82A3C /* Top Places - Async Tests.xctest */;
			productType = "com.apple.product-type.bundle.unit-test";
		};
/* End PBXNativeTarget section */

/* Begin PBXProject section */
		EA5E685B1A0223270004CCEC /* Project object */ = {
			isa = PBXProject;
			attributes = {
				LastUpgradeCheck = 0610;
				ORGANIZATIONNAME = "Witold Skibniewski";
				TargetAttributes = {
					EA5E68621A0223270004CCEC = {
						CreatedOnToolsVersion = 6.1;
					};
					EA5E68771A0223280004CCEC = {
						CreatedOnToolsVersion = 6.1;
						TestTargetID = EA5E68621A0223270004CCEC;
					};
					EAD807A81A02DCF000D82A3C = {
						CreatedOnToolsVersion = 6.1;
						TestTargetID = EA5E68621A0223270004CCEC;
					};
				};
			};
			buildConfigurationList = EA5E685E1A0223270004CCEC /* Build configuration list for PBXProject "Top Places - Swift" */;
			compatibilityVersion = "Xcode 3.2";
			developmentRegion = English;
			hasScannedForEncodings = 0;
			knownRegions = (
				en,
				Base,
			);
			mainGroup = EA5E685A1A0223270004CCEC;
			productRefGroup = EA5E68641A0223270004CCEC /* Products */;
			projectDirPath = "";
			projectRoot = "";
			targets = (
				EA5E68621A0223270004CCEC /* Top Places - Swift */,
				EA5E68771A0223280004CCEC /* Top Places - SwiftTests */,
				EAD807A81A02DCF000D82A3C /* Top Places - Async Tests */,
			);
		};
/* End PBXProject section */

/* Begin PBXResourcesBuildPhase section */
		EA5E68611A0223270004CCEC /* Resources */ = {
			isa = PBXResourcesBuildPhase;
			buildActionMask = 2147483647;
			files = (
				EA5E686E1A0223280004CCEC /* Main.storyboard in Resources */,
				EA5E68731A0223280004CCEC /* LaunchScreen.xib in Resources */,
				EA5E68701A0223280004CCEC /* Images.xcassets in Resources */,
			);
			runOnlyForDeploymentPostprocessing = 0;
		};
		EA5E68761A0223280004CCEC /* Resources */ = {
			isa = PBXResourcesBuildPhase;
			buildActionMask = 2147483647;
			files = (
			);
			runOnlyForDeploymentPostprocessing = 0;
		};
		EAD807A71A02DCF000D82A3C /* Resources */ = {
			isa = PBXResourcesBuildPhase;
			buildActionMask = 2147483647;
			files = (
			);
			runOnlyForDeploymentPostprocessing = 0;
		};
/* End PBXResourcesBuildPhase section */

/* Begin PBXShellScriptBuildPhase section */
		C5D2EC4F72A6D43021F99B0E /* Copy Pods Resources */ = {
			isa = PBXShellScriptBuildPhase;
			buildActionMask = 2147483647;
			files = (
			);
			inputPaths = (
			);
			name = "Copy Pods Resources";
			outputPaths = (
			);
			runOnlyForDeploymentPostprocessing = 0;
			shellPath = /bin/sh;
			shellScript = "\"${SRCROOT}/Pods/Target Support Files/Pods/Pods-resources.sh\"\n";
			showEnvVarsInLog = 0;
		};
		F150E52E82EBE0BEEF5F579A /* Check Pods Manifest.lock */ = {
			isa = PBXShellScriptBuildPhase;
			buildActionMask = 2147483647;
			files = (
			);
			inputPaths = (
			);
			name = "Check Pods Manifest.lock";
			outputPaths = (
			);
			runOnlyForDeploymentPostprocessing = 0;
			shellPath = /bin/sh;
			shellScript = "diff \"${PODS_ROOT}/../Podfile.lock\" \"${PODS_ROOT}/Manifest.lock\" > /dev/null\nif [[ $? != 0 ]] ; then\n    cat << EOM\nerror: The sandbox is not in sync with the Podfile.lock. Run 'pod install' or update your CocoaPods installation.\nEOM\n    exit 1\nfi\n";
			showEnvVarsInLog = 0;
		};
/* End PBXShellScriptBuildPhase section */

/* Begin PBXSourcesBuildPhase section */
		EA5E685F1A0223270004CCEC /* Sources */ = {
			isa = PBXSourcesBuildPhase;
			buildActionMask = 2147483647;
			files = (
				EA5E68891A0226C90004CCEC /* TopPlacesTableViewController.swift in Sources */,
				EAD5DA3B1A0975C5007D3718 /* ImageScrollView.swift in Sources */,
				EA5ACF201A236E9D002625F2 /* Factory.swift in Sources */,
				EA5ACF131A2349F2002625F2 /* Result.swift in Sources */,
				EAF7437A1A0BAE93005F7452 /* FlickrSelectedPhotosHistoryViewModel.swift in Sources */,
				EA7833851A02B1A200028F5F /* FlickrTopPlacesNetworkAdapter.swift in Sources */,
				EAD5DA6D1A0AB4C8007D3718 /* FlickrSplitViewControllerDelegate.swift in Sources */,
				EA7F0DBE1A03FCC100613D80 /* UIStoryboardInjector.swift in Sources */,
				EA7F0DCA1A0925BB00613D80 /* FlickrPhotosViewModel.swift in Sources */,
				EA3904D21A095C940052BE40 /* FlickrImageService.swift in Sources */,
				EA23BEE51A23B6E9003F9E87 /* WebService.swift in Sources */,
				EAD8078F1A02C42400D82A3C /* FlickrTopPlacesViewModel.swift in Sources */,
				EAD807BB1A03A7DC00D82A3C /* AppBuilder.swift in Sources */,
				EA7833771A022B7A00028F5F /* FlickrService.swift in Sources */,
				EA5E68691A0223280004CCEC /* AppDelegate.swift in Sources */,
				EA5ACF191A235443002625F2 /* FlickrJSONInitializers.swift in Sources */,
				EA78337D1A02534D00028F5F /* FlickrApp.swift in Sources */,
				EAF743781A0BA755005F7452 /* HistoryTableViewController.swift in Sources */,
				EA5ACF0E1A234480002625F2 /* FetchTopPlaces.swift in Sources */,
				EAD9BFE01A0B7E260067F75C /* FlickrSelectedPhotosHistory.swift in Sources */,
				EA7F0DCC1A09428600613D80 /* ImageViewController.swift in Sources */,
				EA7F0DC31A091CFC00613D80 /* PhotosViewController.swift in Sources */,
				EA5ACF161A234FDF002625F2 /* IService.swift in Sources */,
				EA23BEE91A23B6FA003F9E87 /* DictionaryUtils.swift in Sources */,
			);
			runOnlyForDeploymentPostprocessing = 0;
		};
		EA5E68741A0223280004CCEC /* Sources */ = {
			isa = PBXSourcesBuildPhase;
			buildActionMask = 2147483647;
			files = (
				EAF7437C1A0BB053005F7452 /* FlickrSelectedPhotosHistoryViewModelTests.swift in Sources */,
				EA5ACF171A234FDF002625F2 /* IService.swift in Sources */,
				EAD807911A02C78800D82A3C /* FlickrTopPlacesViewModelTests.swift in Sources */,
				EA5ACF211A236E9D002625F2 /* Factory.swift in Sources */,
				EA23BEEA1A23B6FA003F9E87 /* DictionaryUtils.swift in Sources */,
				EA7833781A02368400028F5F /* FlickrService.swift in Sources */,
				EA7F0DC91A091FFA00613D80 /* FlickrPhotosViewModelTests.swift in Sources */,
				EAD9BFE11A0B7E260067F75C /* FlickrSelectedPhotosHistory.swift in Sources */,
				EA5ACF141A2349F2002625F2 /* Result.swift in Sources */,
				EA23BEF41A23B91D003F9E87 /* WebServiceTests.swift in Sources */,
				EA23BEF71A23BA0A003F9E87 /* FetchTopPlacesTests.swift in Sources */,
				EA23BEE61A23B6E9003F9E87 /* WebService.swift in Sources */,
				EA7F0DC71A091F8300613D80 /* FlickrPhotosViewModel.swift in Sources */,
				EA7833861A02B30E00028F5F /* FlickrTopPlacesNetworkAdapter.swift in Sources */,
				EA5ACF111A2349B1002625F2 /* FetchTopPlaces.swift in Sources */,
				EAD807921A02C7AA00D82A3C /* FlickrTopPlacesViewModel.swift in Sources */,
				EAD9BFE31A0B7E380067F75C /* FlickrSelectedPhotosHistoryTests.swift in Sources */,
				EA5ACF1A1A235443002625F2 /* FlickrJSONInitializers.swift in Sources */,
				EAD8078D1A02C06C00D82A3C /* FlickrAppTests.swift in Sources */,
				EA78337E1A02535F00028F5F /* FlickrApp.swift in Sources */,
				EAF7437D1A0BB28D005F7452 /* FlickrSelectedPhotosHistoryViewModel.swift in Sources */,
				EA7833811A025B9D00028F5F /* FlickrAppNetworkAdapterTests.swift in Sources */,
				EA5ACF1C1A23644F002625F2 /* FlickrPlaceTests.swift in Sources */,
			);
			runOnlyForDeploymentPostprocessing = 0;
		};
		EAD807A51A02DCF000D82A3C /* Sources */ = {
			isa = PBXSourcesBuildPhase;
			buildActionMask = 2147483647;
			files = (
				EA23BEED1A23B8F1003F9E87 /* Result.swift in Sources */,
				EA23BEEB1A23B6FA003F9E87 /* DictionaryUtils.swift in Sources */,
				EA23BEE71A23B6E9003F9E87 /* WebService.swift in Sources */,
				EA5ACF1D1A236A0F002625F2 /* FlickrJSONInitializers.swift in Sources */,
				EA23BEEC1A23B8E8003F9E87 /* IService.swift in Sources */,
				EAD807B71A02DD4A00D82A3C /* FlickrService.swift in Sources */,
				EAD807B81A02DDB400D82A3C /* FlickrTopPlacesNetworkAdapter.swift in Sources */,
				EAD807B91A02DDFC00D82A3C /* FlickrApp.swift in Sources */,
				EAD807B61A02DD1300D82A3C /* FlickrServiceTests.swift in Sources */,
			);
			runOnlyForDeploymentPostprocessing = 0;
		};
/* End PBXSourcesBuildPhase section */

/* Begin PBXTargetDependency section */
		EA5E687A1A0223280004CCEC /* PBXTargetDependency */ = {
			isa = PBXTargetDependency;
			target = EA5E68621A0223270004CCEC /* Top Places - Swift */;
			targetProxy = EA5E68791A0223280004CCEC /* PBXContainerItemProxy */;
		};
		EAD807B01A02DCF000D82A3C /* PBXTargetDependency */ = {
			isa = PBXTargetDependency;
			target = EA5E68621A0223270004CCEC /* Top Places - Swift */;
			targetProxy = EAD807AF1A02DCF000D82A3C /* PBXContainerItemProxy */;
		};
/* End PBXTargetDependency section */

/* Begin PBXVariantGroup section */
		EA5E686C1A0223280004CCEC /* Main.storyboard */ = {
			isa = PBXVariantGroup;
			children = (
				EA5E686D1A0223280004CCEC /* Base */,
			);
			name = Main.storyboard;
			sourceTree = "<group>";
		};
		EA5E68711A0223280004CCEC /* LaunchScreen.xib */ = {
			isa = PBXVariantGroup;
			children = (
				EA5E68721A0223280004CCEC /* Base */,
			);
			name = LaunchScreen.xib;
			sourceTree = "<group>";
		};
/* End PBXVariantGroup section */

/* Begin XCBuildConfiguration section */
		EA5E68801A0223280004CCEC /* Debug */ = {
			isa = XCBuildConfiguration;
			buildSettings = {
				ALWAYS_SEARCH_USER_PATHS = NO;
				CLANG_CXX_LANGUAGE_STANDARD = "gnu++0x";
				CLANG_CXX_LIBRARY = "libc++";
				CLANG_ENABLE_MODULES = YES;
				CLANG_ENABLE_OBJC_ARC = YES;
				CLANG_WARN_BOOL_CONVERSION = YES;
				CLANG_WARN_CONSTANT_CONVERSION = YES;
				CLANG_WARN_DIRECT_OBJC_ISA_USAGE = YES_ERROR;
				CLANG_WARN_EMPTY_BODY = YES;
				CLANG_WARN_ENUM_CONVERSION = YES;
				CLANG_WARN_INT_CONVERSION = YES;
				CLANG_WARN_OBJC_ROOT_CLASS = YES_ERROR;
				CLANG_WARN_UNREACHABLE_CODE = YES;
				CLANG_WARN__DUPLICATE_METHOD_MATCH = YES;
				"CODE_SIGN_IDENTITY[sdk=iphoneos*]" = "iPhone Developer";
				COPY_PHASE_STRIP = NO;
				ENABLE_STRICT_OBJC_MSGSEND = YES;
				GCC_C_LANGUAGE_STANDARD = gnu99;
				GCC_DYNAMIC_NO_PIC = NO;
				GCC_OPTIMIZATION_LEVEL = 0;
				GCC_PREPROCESSOR_DEFINITIONS = (
					"DEBUG=1",
					"$(inherited)",
				);
				GCC_SYMBOLS_PRIVATE_EXTERN = NO;
				GCC_WARN_64_TO_32_BIT_CONVERSION = YES;
				GCC_WARN_ABOUT_RETURN_TYPE = YES_ERROR;
				GCC_WARN_UNDECLARED_SELECTOR = YES;
				GCC_WARN_UNINITIALIZED_AUTOS = YES_AGGRESSIVE;
				GCC_WARN_UNUSED_FUNCTION = YES;
				GCC_WARN_UNUSED_VARIABLE = YES;
				IPHONEOS_DEPLOYMENT_TARGET = 8.1;
				MTL_ENABLE_DEBUG_INFO = YES;
				ONLY_ACTIVE_ARCH = YES;
				SDKROOT = iphoneos;
				SWIFT_OPTIMIZATION_LEVEL = "-Onone";
				TARGETED_DEVICE_FAMILY = "1,2";
			};
			name = Debug;
		};
		EA5E68811A0223280004CCEC /* Release */ = {
			isa = XCBuildConfiguration;
			buildSettings = {
				ALWAYS_SEARCH_USER_PATHS = NO;
				CLANG_CXX_LANGUAGE_STANDARD = "gnu++0x";
				CLANG_CXX_LIBRARY = "libc++";
				CLANG_ENABLE_MODULES = YES;
				CLANG_ENABLE_OBJC_ARC = YES;
				CLANG_WARN_BOOL_CONVERSION = YES;
				CLANG_WARN_CONSTANT_CONVERSION = YES;
				CLANG_WARN_DIRECT_OBJC_ISA_USAGE = YES_ERROR;
				CLANG_WARN_EMPTY_BODY = YES;
				CLANG_WARN_ENUM_CONVERSION = YES;
				CLANG_WARN_INT_CONVERSION = YES;
				CLANG_WARN_OBJC_ROOT_CLASS = YES_ERROR;
				CLANG_WARN_UNREACHABLE_CODE = YES;
				CLANG_WARN__DUPLICATE_METHOD_MATCH = YES;
				"CODE_SIGN_IDENTITY[sdk=iphoneos*]" = "iPhone Developer";
				COPY_PHASE_STRIP = YES;
				ENABLE_NS_ASSERTIONS = NO;
				ENABLE_STRICT_OBJC_MSGSEND = YES;
				GCC_C_LANGUAGE_STANDARD = gnu99;
				GCC_WARN_64_TO_32_BIT_CONVERSION = YES;
				GCC_WARN_ABOUT_RETURN_TYPE = YES_ERROR;
				GCC_WARN_UNDECLARED_SELECTOR = YES;
				GCC_WARN_UNINITIALIZED_AUTOS = YES_AGGRESSIVE;
				GCC_WARN_UNUSED_FUNCTION = YES;
				GCC_WARN_UNUSED_VARIABLE = YES;
				IPHONEOS_DEPLOYMENT_TARGET = 8.1;
				MTL_ENABLE_DEBUG_INFO = NO;
				SDKROOT = iphoneos;
				TARGETED_DEVICE_FAMILY = "1,2";
				VALIDATE_PRODUCT = YES;
			};
			name = Release;
		};
		EA5E68831A0223280004CCEC /* Debug */ = {
			isa = XCBuildConfiguration;
			baseConfigurationReference = B9E4FFE26562DD3D6BA60B4E /* Pods.debug.xcconfig */;
			buildSettings = {
				ASSETCATALOG_COMPILER_APPICON_NAME = AppIcon;
				INFOPLIST_FILE = "Top Places - Swift/Info.plist";
				IPHONEOS_DEPLOYMENT_TARGET = 8.0;
				LD_RUNPATH_SEARCH_PATHS = "$(inherited) @executable_path/Frameworks";
				PRODUCT_NAME = "$(TARGET_NAME)";
			};
			name = Debug;
		};
		EA5E68841A0223280004CCEC /* Release */ = {
			isa = XCBuildConfiguration;
			baseConfigurationReference = 43EB9A8E5F66CC4E7BFFE2D8 /* Pods.release.xcconfig */;
			buildSettings = {
				ASSETCATALOG_COMPILER_APPICON_NAME = AppIcon;
				INFOPLIST_FILE = "Top Places - Swift/Info.plist";
				IPHONEOS_DEPLOYMENT_TARGET = 8.0;
				LD_RUNPATH_SEARCH_PATHS = "$(inherited) @executable_path/Frameworks";
				PRODUCT_NAME = "$(TARGET_NAME)";
			};
			name = Release;
		};
		EA5E68861A0223280004CCEC /* Debug */ = {
			isa = XCBuildConfiguration;
			baseConfigurationReference = B9E4FFE26562DD3D6BA60B4E /* Pods.debug.xcconfig */;
			buildSettings = {
				BUNDLE_LOADER = "$(TEST_HOST)";
				CLANG_ENABLE_MODULES = YES;
				FRAMEWORK_SEARCH_PATHS = (
					"$(SDKROOT)/Developer/Library/Frameworks",
					"$(inherited)",
				);
				GCC_PREPROCESSOR_DEFINITIONS = (
					"DEBUG=1",
					"$(inherited)",
				);
				INFOPLIST_FILE = "Top Places - SwiftTests/Info.plist";
				LD_RUNPATH_SEARCH_PATHS = "$(inherited) @executable_path/Frameworks @loader_path/Frameworks";
				PRODUCT_NAME = "$(TARGET_NAME)";
				SWIFT_OBJC_BRIDGING_HEADER = "Top Places - SwiftTests/Top Places - SwiftTests-Bridging-Header.h";
				SWIFT_OPTIMIZATION_LEVEL = "-Onone";
				TEST_HOST = "$(BUILT_PRODUCTS_DIR)/Top Places - Swift.app/Top Places - Swift";
			};
			name = Debug;
		};
		EA5E68871A0223280004CCEC /* Release */ = {
			isa = XCBuildConfiguration;
			baseConfigurationReference = 43EB9A8E5F66CC4E7BFFE2D8 /* Pods.release.xcconfig */;
			buildSettings = {
				BUNDLE_LOADER = "$(TEST_HOST)";
				CLANG_ENABLE_MODULES = YES;
				FRAMEWORK_SEARCH_PATHS = (
					"$(SDKROOT)/Developer/Library/Frameworks",
					"$(inherited)",
				);
				INFOPLIST_FILE = "Top Places - SwiftTests/Info.plist";
				LD_RUNPATH_SEARCH_PATHS = "$(inherited) @executable_path/Frameworks @loader_path/Frameworks";
				PRODUCT_NAME = "$(TARGET_NAME)";
				SWIFT_OBJC_BRIDGING_HEADER = "Top Places - SwiftTests/Top Places - SwiftTests-Bridging-Header.h";
				TEST_HOST = "$(BUILT_PRODUCTS_DIR)/Top Places - Swift.app/Top Places - Swift";
			};
			name = Release;
		};
		EAD807B21A02DCF000D82A3C /* Debug */ = {
			isa = XCBuildConfiguration;
			baseConfigurationReference = B9E4FFE26562DD3D6BA60B4E /* Pods.debug.xcconfig */;
			buildSettings = {
				BUNDLE_LOADER = "$(TEST_HOST)";
				CLANG_ENABLE_MODULES = YES;
				FRAMEWORK_SEARCH_PATHS = (
					"$(SDKROOT)/Developer/Library/Frameworks",
					"$(inherited)",
				);
				GCC_PREPROCESSOR_DEFINITIONS = (
					"DEBUG=1",
					"$(inherited)",
				);
				INFOPLIST_FILE = "Top Places - Async Tests/Info.plist";
				LD_RUNPATH_SEARCH_PATHS = "$(inherited) @executable_path/Frameworks @loader_path/Frameworks";
				PRODUCT_NAME = "$(TARGET_NAME)";
				SWIFT_OBJC_BRIDGING_HEADER = "Top Places - Async Tests/Top Places - Async Tests-Bridging-Header.h";
				SWIFT_OPTIMIZATION_LEVEL = "-Onone";
				TEST_HOST = "$(BUILT_PRODUCTS_DIR)/Top Places - Swift.app/Top Places - Swift";
			};
			name = Debug;
		};
		EAD807B31A02DCF000D82A3C /* Release */ = {
			isa = XCBuildConfiguration;
			baseConfigurationReference = 43EB9A8E5F66CC4E7BFFE2D8 /* Pods.release.xcconfig */;
			buildSettings = {
				BUNDLE_LOADER = "$(TEST_HOST)";
				CLANG_ENABLE_MODULES = YES;
				FRAMEWORK_SEARCH_PATHS = (
					"$(SDKROOT)/Developer/Library/Frameworks",
					"$(inherited)",
				);
				INFOPLIST_FILE = "Top Places - Async Tests/Info.plist";
				LD_RUNPATH_SEARCH_PATHS = "$(inherited) @executable_path/Frameworks @loader_path/Frameworks";
				PRODUCT_NAME = "$(TARGET_NAME)";
				SWIFT_OBJC_BRIDGING_HEADER = "Top Places - Async Tests/Top Places - Async Tests-Bridging-Header.h";
				TEST_HOST = "$(BUILT_PRODUCTS_DIR)/Top Places - Swift.app/Top Places - Swift";
			};
			name = Release;
		};
/* End XCBuildConfiguration section */

/* Begin XCConfigurationList section */
		EA5E685E1A0223270004CCEC /* Build configuration list for PBXProject "Top Places - Swift" */ = {
			isa = XCConfigurationList;
			buildConfigurations = (
				EA5E68801A0223280004CCEC /* Debug */,
				EA5E68811A0223280004CCEC /* Release */,
			);
			defaultConfigurationIsVisible = 0;
			defaultConfigurationName = Release;
		};
		EA5E68821A0223280004CCEC /* Build configuration list for PBXNativeTarget "Top Places - Swift" */ = {
			isa = XCConfigurationList;
			buildConfigurations = (
				EA5E68831A0223280004CCEC /* Debug */,
				EA5E68841A0223280004CCEC /* Release */,
			);
			defaultConfigurationIsVisible = 0;
			defaultConfigurationName = Release;
		};
		EA5E68851A0223280004CCEC /* Build configuration list for PBXNativeTarget "Top Places - SwiftTests" */ = {
			isa = XCConfigurationList;
			buildConfigurations = (
				EA5E68861A0223280004CCEC /* Debug */,
				EA5E68871A0223280004CCEC /* Release */,
			);
			defaultConfigurationIsVisible = 0;
			defaultConfigurationName = Release;
		};
		EAD807B11A02DCF000D82A3C /* Build configuration list for PBXNativeTarget "Top Places - Async Tests" */ = {
			isa = XCConfigurationList;
			buildConfigurations = (
				EAD807B21A02DCF000D82A3C /* Debug */,
				EAD807B31A02DCF000D82A3C /* Release */,
			);
			defaultConfigurationIsVisible = 0;
			defaultConfigurationName = Release;
		};
/* End XCConfigurationList section */
	};
	rootObject = EA5E685B1A0223270004CCEC /* Project object */;
}
